{
  "version": 4,
  "terraform_version": "1.3.7",
  "serial": 149,
  "lineage": "620cfde0-a0ff-1897-adbf-56bc06324019",
  "outputs": {
    "cluster_client_certificate": {
      "value": "LS0tLS1CRUdJTiBDRVJUSUZJQ0FURS0tLS0tCk1JSUZIakNDQXdhZ0F3SUJBZ0lSQUpIcEg4L3M5cGR5YXg5NHVzczhVakl3RFFZSktvWklodmNOQVFFTEJRQXcKRFRFTE1Ba0dBMVVFQXhNQ1kyRXdIaGNOTWpNd01qRTBNRFF5TkRNMVdoY05NalV3TWpFME1EUXpORE0xV2pBdwpNUmN3RlFZRFZRUUtFdzV6ZVhOMFpXMDZiV0Z6ZEdWeWN6RVZNQk1HQTFVRUF4TU1iV0Z6ZEdWeVkyeHBaVzUwCk1JSUNJakFOQmdrcWhraUc5dzBCQVFFRkFBT0NBZzhBTUlJQ0NnS0NBZ0VBcjZpbkNacFB2S3R2T2RreGZPbGoKdFMrMDlremw4WW1ESnJ3ZGFzY2lKYkZnWFpyTUFzWGtLeVF6bWtPSWVuaTFHSVlBUjR5SWY4L3ZTV0lTRTh6TApRSk1tMjlwcmpGeEdZMzQ4Qzd0QVJPWi96Y1JsVVJiV0YwcVRiNTFQREVsdWJvQTQzWXUvQjVLeWNQdU15QWNvCjgwRnNBU2VUNjNJaGZuMTN3VGVRUEFuUXBRTVRvc3ptNUhTZURKU09pNUVTTkxKM1ZPT204ZUdEVmRWYTRrZUsKSVpBWHhjNVJTdkdSWkVoTmhUaW05YzVzeFp6TzNtU1Z4QjhlUXY2Zk1RdklRczJqalRPTHNwemdHdm9PK3dIcApQZlhyNGZjOUIwOTgxTE44VXlFaUpxRVAyTTJOOVNwVkt5TzJrNkNVUWxZaG1Hd3RyV2xsaUllTWVJeGsyUWhNCmNrdC9BNW1tZGhUREtBK1J5TzFhMjEwVFgxdVRKa0FjZ2xHRWMxaGVnMjkxSlh0a0F4MUFFeERjc1JKN0EyYXQKT0VrMGw1RTBtNFFwQnl5c2c4UXdPOE1wbjVaeDFKVzgvRlpaMDJobEtDT25jNFVDd0Q1cnlhTE4wK0NnSjZQMwpHWU52RlhERU9LV3M2OWdrdEp5VWNTODhaemhFNnZoUVdlNWFpZEUyQ3BEZkd3anhvS3ZMa1ZiTFF4WUZGbHVnCmJHeDRGc2NVSzFoZkNOVEVSeWY3TmRJL0UyWlVFZ0pBd2dKaTJJL2NkcXNWUHV2TTk2NEs0ZzNoenIxUjZyNDgKSDN6c1p1UEM3Z2xKTU9ydk1zS3VCd0EwNGMxUCtmeHBCbHAxb3VaemVSSDhrK29kTU1yV0FrckQxdStaOWRLdQpTWjVsdmIvcUV4Q3BLVXAwSm1UenZKVUNBd0VBQWFOV01GUXdEZ1lEVlIwUEFRSC9CQVFEQWdXZ01CTUdBMVVkCkpRUU1NQW9HQ0NzR0FRVUZCd01DTUF3R0ExVWRFd0VCL3dRQ01BQXdId1lEVlIwakJCZ3dGb0FVZ1ZITWFlbUIKRFM4bGNmeDJjZjBkOExlT3hVd3dEUVlKS29aSWh2Y05BUUVMQlFBRGdnSUJBTVFadVpJN1VUVnVVK1N2aUs5bAowR0JxRnpjcElJbVNOdE1va3pad3JnZ0c5b0VYUlRPRE11bTJBNVBjNzVEZWRneW82Ylh6UEVUTDVvVVVlVjdlCnkrcG1SVlVMTFJjelRKYlNTWDl2c0Vtd056M3dpWkpaSVdyYUNYNzNUclJYTXpvVHNoeGZISTBpTnpkbUdaNEMKR2Q0MUhJNDQwZVFmTXc1Y0FRV25UWHhScWp0dzZPUTRncXFvS0pJQklYcjBiZ2N6anZyalRxdmU4UXErT3A4YwpCYm1NVXBZZDhncWVhL0xZcm05S3hCQ3IrNThCVHlkZjJlcnZZbWxxZUE3ZE81emNSREN2QXlrS0VidHFsSTVMCm54d2xaaHFVWjRjQzBTRkRBS2F0SDZLUFdTY0JHZnJNdlJaVnd2VWtCMVkyYzdGVTRickZYaGFYOWVKckQzSGoKeUh3MGZ5bXQ2ZHlhLzVWM25oaW9RQnBFcEU1YjVGQlk0VkZheU96eXVOTGxnRUVKcVBnaWk0Nk91QnhoVjlBMwp3RzEyemNEUnJ0a2drZ1VwVGoycjIyWURMNjBMYnl6NFNITnRnUjg0aHZXdFhzbmg4WkFGOU5FNis4RndrWkdaCjRwanREV2dqMmVXQ29hUXZzTlJoRVFxVkNBcW51Y05wRUFRYTVaTmlQa3A2KzlYeUVyQUpJd0xtamVGL2xmK1MKT2NLaEg1U1JnNU85dE12OEhFMWdtVUt3RzhhVkJNN0FValplMk9Tb2pCejF2U1pwVGhZQkowNkMrVmFLWVZRTgpGVVlRd2xnKzZiZzVHZjN2WFNTZTVRc3VBenpxZHNwZkZMSUdjQjE0c1N2QWVMcmdSNUtHUGU5QTRRek5YbHZMCmtlaTlTU2UvTS9UQWY5VTlkOXh0WFU5SwotLS0tLUVORCBDRVJUSUZJQ0FURS0tLS0tCg==",
      "type": "string"
    },
    "cluster_client_key": {
      "value": "LS0tLS1CRUdJTiBSU0EgUFJJVkFURSBLRVktLS0tLQpNSUlKS0FJQkFBS0NBZ0VBcjZpbkNacFB2S3R2T2RreGZPbGp0UyswOWt6bDhZbURKcndkYXNjaUpiRmdYWnJNCkFzWGtLeVF6bWtPSWVuaTFHSVlBUjR5SWY4L3ZTV0lTRTh6TFFKTW0yOXByakZ4R1kzNDhDN3RBUk9aL3pjUmwKVVJiV0YwcVRiNTFQREVsdWJvQTQzWXUvQjVLeWNQdU15QWNvODBGc0FTZVQ2M0loZm4xM3dUZVFQQW5RcFFNVApvc3ptNUhTZURKU09pNUVTTkxKM1ZPT204ZUdEVmRWYTRrZUtJWkFYeGM1UlN2R1JaRWhOaFRpbTljNXN4WnpPCjNtU1Z4QjhlUXY2Zk1RdklRczJqalRPTHNwemdHdm9PK3dIcFBmWHI0ZmM5QjA5ODFMTjhVeUVpSnFFUDJNMk4KOVNwVkt5TzJrNkNVUWxZaG1Hd3RyV2xsaUllTWVJeGsyUWhNY2t0L0E1bW1kaFRES0ErUnlPMWEyMTBUWDF1VApKa0FjZ2xHRWMxaGVnMjkxSlh0a0F4MUFFeERjc1JKN0EyYXRPRWswbDVFMG00UXBCeXlzZzhRd084TXBuNVp4CjFKVzgvRlpaMDJobEtDT25jNFVDd0Q1cnlhTE4wK0NnSjZQM0dZTnZGWERFT0tXczY5Z2t0SnlVY1M4OFp6aEUKNnZoUVdlNWFpZEUyQ3BEZkd3anhvS3ZMa1ZiTFF4WUZGbHVnYkd4NEZzY1VLMWhmQ05URVJ5ZjdOZEkvRTJaVQpFZ0pBd2dKaTJJL2NkcXNWUHV2TTk2NEs0ZzNoenIxUjZyNDhIM3pzWnVQQzdnbEpNT3J2TXNLdUJ3QTA0YzFQCitmeHBCbHAxb3VaemVSSDhrK29kTU1yV0FrckQxdStaOWRLdVNaNWx2Yi9xRXhDcEtVcDBKbVR6dkpVQ0F3RUEKQVFLQ0FnQVhlS3loTHRwYXRubU5QRVZOa0kzL0p0bkNVM0lpUFNLbUtWcXc2dHpZTm9STzNhRkcrWlJNWTNEMQp1dkpna3dKM3ZXZ0tKM0FSekFJSVJ5OXRMOTgweUxUWGlhNzNPVms2Y0NLcjJxQnkxRzNkVzlIQjdSQThXbjJxCjIxVTFxaFkwYzdPbGZzZk94ajVMdElFU05VcTJmbFpsTFJtcHl6MUlmcEZpNHY3RjF2WG5KcXNZQk5NUlViZlEKcklVRGh5WHNuckF0U3FJRERnUVRrd2VxMXE1Ulg4U2RiTDBXQzRORzZCWmJwNzgvZHc2M3RRVTdXQ3RlNGwyVAp6QndQWEtpc3JIZWZKWFVVTDd3T1ByMkRzclNzejlCdUNEQkNhcytlU0VGamhqamUrb1I0anJiYVBJYlcxZFhPCmtoVmRhODdmWkEwU2I5UGVVMlprc1RYRWZrUmdoRzBoS0psVStHRXA3QlFQQXV4VEZZN3UvS2VTdWQ2QWxtZ0oKWHorZy93TnZ1aTR0WUtyVFB3eWprYW14WGkvcUxvSHVxYndyUHpTdE81Mk9RVTMvTkJZK2FZUEVRQXdaY051WApLNUMzOCs2Y3FGK2lvdmdQWitvY1FiNDNCOEVvZS92V1JzT2VKTUhBMWhpVTJtTlZRQ0hOWHBLdzZiMVM5SG9NCnlONXNXRE9mWWhZVTNNckplN1RHeTlyZDY1SVo2WnNFV2x4OVdVR0QrbXZ5TVZsOHZGZmhtUXFWcjlMRno2YzMKVmpPYmFIMERVZUNUQytTa21mMldrZ0Jmckx0ZmNXanZuaFRrMW1NN1c3RHNmOWdESXBab0xNaW5JWFlrK3o1SApjRktnU2xGa1pQZjZLMUEybzZnUVNsa2JpYzZHZ2dtdVlxZlM2VE5DWGdYdndKZ0czUUtDQVFFQXdsMTF2bzRWCk4rbFZiQmxWMk1CVXN4OTVjSWMyejMxYTZLRkk0V3ZjdnpyMDMwUERuMVJzdDFLQzgvK0VPb291M24xeFFnZGYKaUltVTlMQXM1bFpSazg1MDB0d3N4WG1HblMweHlXOGQ0bzVEUTZtbTBWS0R0L05zVHYzNUtlOXl2d0ZDcDVUegovTXFmYkFLb2tkWVAzMFVwNW1wamZnbDRBMlRMRzhWYzREeDdFV0I0OC9jQmJLUHlRNjNLSkZVczdKa0lNTnNmCldSQlN0UFFzMDRwZ3NvVE1nQWRObTJHZzlIcFcweW1OVkt1a2dwTldUdGlEZUZ2dXQrOGZCREhMdWEyZzV2eVcKM3pPR21nT2g2RXh1dURtTnBaSnBJNEZGRXNNZkRFcWtQTFdGWjQ1dXZHRUxSK0lKcUF4QkRQa3hPMldKMjNveAo4c2JQRytZaWJMT1hPd0tDQVFFQTUxeWVVb2V2RWtsSVJLTUM0Y0djZ1VKQ0JEclFyRTl6Q2tUSXExMHIrYnpRCldyUWdFZlJPTnJKTXprSGdTbHMybVpMbEVidDFBY3NieTVCYWhtQmdEWlA3bmZTZEZ4WXhGVzltZ1hldE5xVTYKN1E3OXo5UjVvZlZTNTZlWXJ3M3VBWDBwMnd5djkwTS80ckZoc3FDd2J6Nk9JOTMrYXM0bjhFQklqRnhUVnVONgpQQnRKUUw0RHorVGh4ZnduUisxa3dIcmZ4Y0x6Y3NqbTFGemY2WU5Wd2VZREt0R0dqMzQ2MnZQM2VueHVZS2xICnAwcWVEZ1lRM0xzWDVoUUZNbnRsODlJVTNBd1lOMFJiNmRWdUtNenBud1ltOUV0TEpwSkRObmlWUWdadlAxalAKV3NKMzhMNkV0Z2tCZ2hqY3RVYXpDOHA4NkkySStldjBIbG14a3REZWJ3S0NBUUF2elRpR0V2K1k3cVA1b0FtQwo4MXBoYTE0OGxLU2dSeDR5bEdnT09LN2p3U1kwT3NCRDBVbWpsSUZzYk8waVVKWFNWbHVpZDVuQlJNVURvTWlLCkpiU09lM296MmI2UkdxQkd5N1N3NjhrWHpSRXg5T2w0RmFrYmRweXVtTHZNMm4wSUNORlIwY3BuNDVWdHhRR2MKVEY4KzlBMm9BNFpRbXhlUERoejl5WDVjRDhQY3RETkxIUGFXdDROL3JhQkhhME5QTlJ2VW1DK1BnZm8xVXRBcgpmcDdsaU0rYXRURWJBOW5JQnNhUHpHcGI1cExoSWtkWndOb2tvY2VHS1NNaHJ2V0J4dmdKbHhtcjcwb3RXck5aCkpHTWVuOWo4WFpQS0RhTGxTR084YkNjVVh6aGVEYU9pWk9PWFhEb3Z3RVBIWXduK3A2eE45REdRbWVDWjVmR1YKZGwyOUFvSUJBUURpUTV6K2YzM0M5M0k2MWVVeW5lT09NaHRZQWFFa2N3ckJ4eVV0R2hDd3kyeEUySlhvbVRHSQpvblVrM2g0WStmMTYwY00reFVLWC8yZnVlLzFjSDVLd2xNSGw1MTFlUDdDL0V0Ui8xMmZKNG11dmZSTFNGeXpoCkxJZm96K290Z1FUNzVjbHlWWVVkMzJIeU5LR2tUU3hmanlENWlOaVE0WThEa2dxaFlvV0tteXRtN3hTRHdaRCsKMXd2S1VXQ2xJbEIvUVd2by8xQ1JPRk11NnFsOHVKbTg2RksrcEd6aGxvUytyd3VmZVdPRkd1aGRma2IyMWczVgpvUSt0VG5VS3VzMnBWeEpaWldhbFhqQTVqaWFPdGwvZnl1ZDcwTXJ0TE91WXNQTGZ3R1U1NFlQZ2NnRlVxeTRrCnpNZngwSmpBbkNUc2Fob2dZSkxPUUdqYzZjRVZJVG4zQW9JQkFBMjVhMGNBSU9NVjhwb0IxUTVQcUdkc2NFREkKenpxbThLMjRhUTZwMHk0WVl6Z0pNckVZUUUxVDVnMW5pU0VkbUVEME11SUhoRHJEaFViRys3TGhWOS9yWXpPVApRaXlZTWVGQ0tzNWtzcXlWeWRKS1JOS0dqNld5dk1BWWw3V21scS9BeDJ4YzdrazNad3dlaWEyNXM1WkFuL3psClJ5ZjdUblcxSitWOE1RaDdURVkwcTkzUDJSR2tqYlAvY2psaDBJV1FBYkgrLzIxMHJIcTJQUjRnNUwzQWpRUDMKeGp5aDR6bVEyazlHK3IzRzZWYjZGZE0wanZWWGNUdXFZcDhkZDVrdFpPSjluZ0VCa3o0TjhKNmFlc1lFWDlzSApTU2E5SjQxZU5jZ1puZjYzTkpLT1o4NDNjUGZ6cld4QWZhRTBGMnJMWWw0aG4xOEIzeXBaa0ovck0zcz0KLS0tLS1FTkQgUlNBIFBSSVZBVEUgS0VZLS0tLS0K",
      "type": "string"
    },
    "cluster_cluster_ca_certificate": {
      "value": "LS0tLS1CRUdJTiBDRVJUSUZJQ0FURS0tLS0tCk1JSUU2VENDQXRHZ0F3SUJBZ0lSQUxoUGZFZFd6bk9keW5GaUlKOHNPbVl3RFFZSktvWklodmNOQVFFTEJRQXcKRFRFTE1Ba0dBMVVFQXhNQ1kyRXdJQmNOTWpNd01qRTBNRFF5TkRNMVdoZ1BNakExTXpBeU1UUXdORE0wTXpWYQpNQTB4Q3pBSkJnTlZCQU1UQW1OaE1JSUNJakFOQmdrcWhraUc5dzBCQVFFRkFBT0NBZzhBTUlJQ0NnS0NBZ0VBCjRkcHRkUy83N2EyalpCS0R4VWk5Nm1aWUlrVWVKbjJBbzZnM3c1d2M2U3ZzU1Rkb1NmeklBRlNGTjhGMU1OVnUKYitES3JoYUJhWnpQK2NxRG55ajlPSFZPMys5ZmpGbTkwZ2Z6b1RLZTVpMi9MMjFLelRkOThjZW1nZFFVWGE4OQp4RmV6VUJlUE5NaVNXTmJiellkb2dEdlB6OUNSU3pTSUVUTXZOMG1KR25VWHFHdjdLajNSK0V2dnZsZExmcTAxCmFyN0lSMG1US0JiQ2NSU2l3WmxQbldabVdHR05kS29nMzlERkxiai82SkJyNXkzejlrZXJuVjBZekxIMUIrQjUKU2dWelpkeG1IMm5WZ2dWd0QxUy9jL2VoY1NiYUxKZDJtZk1PdHhFUm91Vzd5NC9YdFpqRk1RcFVTZTlxQjY0bgptMzFqakhUTkEwbmp1YWRTelAvQ2N1NmhNOTFUMXBzdXRMc3BuVXlld0pvREZzbGMxYWQ0WXJPMnpHbmRta05pClQ3SkVHT2JUS0NDVndhQjQxalRQRVZSVDZmb1I0TGNxeUVPZStVaEtjZTd1WGptV1RQUmcrQVo4NjFISkE5a1UKWTFaOGgxWmJIZmEzVUFyRFF1WDMrMnJRdjNPcTZEaGE4NzlYSWNseFdxN1krM2JWMmNMV3Rnd1J4UStuaUk4bQo3WFljNjNVTGY2WGhXcEhocE9LWnBrVEJFQVdIb2tZdDEzTnJNS0RDNHFNbS9MN2t4ZVZQNFpqY01uWmdxSEw4CnRMSlpWVHVXQzdiR2lLdGxqNzBpOXBlaEtySi91L25hcnRsZCtFdENXQlBwdzZpMHZQU2xNT3g5RThPdEpJMWcKVk9wdlBtRDN6VkVLZlpwVCtZbFA0anNqVXBEczlUWkpTYTJINHcrVmZKY0NBd0VBQWFOQ01FQXdEZ1lEVlIwUApBUUgvQkFRREFnS2tNQThHQTFVZEV3RUIvd1FGTUFNQkFmOHdIUVlEVlIwT0JCWUVGSUZSekducGdRMHZKWEg4CmRuSDlIZkMzanNWTU1BMEdDU3FHU0liM0RRRUJDd1VBQTRJQ0FRQ1hpaXIzU1gxUHg1VkQwTlRySGsrSWZpZHkKbGRITGR3Q0dKNTE5YlFlZmwxVVRCK1V0VUY5WVJkMERYK2hCbUVmdWxuR0VzdzdZLzBZeFdMaHh1eFppbVk5MwpLZFZ6M3dpWklOY2dZYUZKdmxrZzRkeWxyQUwrT1hmYWZ6dHBsNG5FT1pUbW9qb2FtdlpHNUJVZUpic0djRUxBClJWUE96T1pEbm9ObzB4ZUZFYmdCY1JOL0I1cWZFNGZMVlp3dWdqY2kwMVBYUFAvc0Y2MEVoUllEaEZnM3ZBa0MKaVRPN1JFNTJmTkpWTVZXeXdMWnBSejJ6a0FYVWJJREExdnVWdkRXTTRyd2k2MU5GK05mOGsrNmxKQWp6UUc0UgpKdHdITkNVdUJxcWFrMG1yc09UOFRiNnRiZjluL0hJS0Q4bFNnZEFEanB0cUwyTWVyZytrQTRMcmRZanY2N0drCnZpNEorQW1FbGF5VUhra1dlQ2tDdzNBQXF4bFpRcjhrMEZyamhXUzYrS2RvMW5hTFVucUVVbnMxa1JIcmZsNmwKREFZbUhndUxKV3N6VkowSHhZTEZDRlY2VndEcEtyRnRCUVpMNkJRQW40clRrZy9LdTRtTEdCRmhaUlFROHFMSgpwcGlvL3NTcENCSmtLMkowbDJYbGtReUEyZmJsUUZaY2pFbWNZNCtPazZoM0dKRzNUZ2k3bjB4OXBLNWpoRGZ3ClIvbkNLV0NxU1F2RFVSWHNYenRTd2g0M0FRdWduc2JFRCttYkhPZFNkMHNVblF2OVppVks3bGdrNVV0bDBOWTAKRVh2Zmp5WDVNM1VwWXJSVUF0M3BHNnhGZ2FsTFhNaXo3Uzl1aUwxd29kWjJMYVF1Ti92OWxaalNEakdJYjJoQQpjSWlOOVowMm1DdlplUVJwNXc9PQotLS0tLUVORCBDRVJUSUZJQ0FURS0tLS0tCg==",
      "type": "string"
    },
    "cluster_cluster_password": {
      "value": "9532e386195667a192bbc069e5dad8eb3127a2be26c5a26663435e383ed467ddbd9efffc38d15b8f6fe4994749b839e1285d4713feb69143ef07a9a879b22678",
      "type": "string"
    },
    "cluster_cluster_username": {
      "value": "clusterUser_flixtube_flixtube",
      "type": "string"
    },
    "cluster_host": {
      "value": "https://flixtube-3fa11dad.hcp.southeastasia.azmk8s.io:443",
      "type": "string"
    },
    "cluster_kube_config": {
      "value": "apiVersion: v1\nclusters:\n- cluster:\n    certificate-authority-data: LS0tLS1CRUdJTiBDRVJUSUZJQ0FURS0tLS0tCk1JSUU2VENDQXRHZ0F3SUJBZ0lSQUxoUGZFZFd6bk9keW5GaUlKOHNPbVl3RFFZSktvWklodmNOQVFFTEJRQXcKRFRFTE1Ba0dBMVVFQXhNQ1kyRXdJQmNOTWpNd01qRTBNRFF5TkRNMVdoZ1BNakExTXpBeU1UUXdORE0wTXpWYQpNQTB4Q3pBSkJnTlZCQU1UQW1OaE1JSUNJakFOQmdrcWhraUc5dzBCQVFFRkFBT0NBZzhBTUlJQ0NnS0NBZ0VBCjRkcHRkUy83N2EyalpCS0R4VWk5Nm1aWUlrVWVKbjJBbzZnM3c1d2M2U3ZzU1Rkb1NmeklBRlNGTjhGMU1OVnUKYitES3JoYUJhWnpQK2NxRG55ajlPSFZPMys5ZmpGbTkwZ2Z6b1RLZTVpMi9MMjFLelRkOThjZW1nZFFVWGE4OQp4RmV6VUJlUE5NaVNXTmJiellkb2dEdlB6OUNSU3pTSUVUTXZOMG1KR25VWHFHdjdLajNSK0V2dnZsZExmcTAxCmFyN0lSMG1US0JiQ2NSU2l3WmxQbldabVdHR05kS29nMzlERkxiai82SkJyNXkzejlrZXJuVjBZekxIMUIrQjUKU2dWelpkeG1IMm5WZ2dWd0QxUy9jL2VoY1NiYUxKZDJtZk1PdHhFUm91Vzd5NC9YdFpqRk1RcFVTZTlxQjY0bgptMzFqakhUTkEwbmp1YWRTelAvQ2N1NmhNOTFUMXBzdXRMc3BuVXlld0pvREZzbGMxYWQ0WXJPMnpHbmRta05pClQ3SkVHT2JUS0NDVndhQjQxalRQRVZSVDZmb1I0TGNxeUVPZStVaEtjZTd1WGptV1RQUmcrQVo4NjFISkE5a1UKWTFaOGgxWmJIZmEzVUFyRFF1WDMrMnJRdjNPcTZEaGE4NzlYSWNseFdxN1krM2JWMmNMV3Rnd1J4UStuaUk4bQo3WFljNjNVTGY2WGhXcEhocE9LWnBrVEJFQVdIb2tZdDEzTnJNS0RDNHFNbS9MN2t4ZVZQNFpqY01uWmdxSEw4CnRMSlpWVHVXQzdiR2lLdGxqNzBpOXBlaEtySi91L25hcnRsZCtFdENXQlBwdzZpMHZQU2xNT3g5RThPdEpJMWcKVk9wdlBtRDN6VkVLZlpwVCtZbFA0anNqVXBEczlUWkpTYTJINHcrVmZKY0NBd0VBQWFOQ01FQXdEZ1lEVlIwUApBUUgvQkFRREFnS2tNQThHQTFVZEV3RUIvd1FGTUFNQkFmOHdIUVlEVlIwT0JCWUVGSUZSekducGdRMHZKWEg4CmRuSDlIZkMzanNWTU1BMEdDU3FHU0liM0RRRUJDd1VBQTRJQ0FRQ1hpaXIzU1gxUHg1VkQwTlRySGsrSWZpZHkKbGRITGR3Q0dKNTE5YlFlZmwxVVRCK1V0VUY5WVJkMERYK2hCbUVmdWxuR0VzdzdZLzBZeFdMaHh1eFppbVk5MwpLZFZ6M3dpWklOY2dZYUZKdmxrZzRkeWxyQUwrT1hmYWZ6dHBsNG5FT1pUbW9qb2FtdlpHNUJVZUpic0djRUxBClJWUE96T1pEbm9ObzB4ZUZFYmdCY1JOL0I1cWZFNGZMVlp3dWdqY2kwMVBYUFAvc0Y2MEVoUllEaEZnM3ZBa0MKaVRPN1JFNTJmTkpWTVZXeXdMWnBSejJ6a0FYVWJJREExdnVWdkRXTTRyd2k2MU5GK05mOGsrNmxKQWp6UUc0UgpKdHdITkNVdUJxcWFrMG1yc09UOFRiNnRiZjluL0hJS0Q4bFNnZEFEanB0cUwyTWVyZytrQTRMcmRZanY2N0drCnZpNEorQW1FbGF5VUhra1dlQ2tDdzNBQXF4bFpRcjhrMEZyamhXUzYrS2RvMW5hTFVucUVVbnMxa1JIcmZsNmwKREFZbUhndUxKV3N6VkowSHhZTEZDRlY2VndEcEtyRnRCUVpMNkJRQW40clRrZy9LdTRtTEdCRmhaUlFROHFMSgpwcGlvL3NTcENCSmtLMkowbDJYbGtReUEyZmJsUUZaY2pFbWNZNCtPazZoM0dKRzNUZ2k3bjB4OXBLNWpoRGZ3ClIvbkNLV0NxU1F2RFVSWHNYenRTd2g0M0FRdWduc2JFRCttYkhPZFNkMHNVblF2OVppVks3bGdrNVV0bDBOWTAKRVh2Zmp5WDVNM1VwWXJSVUF0M3BHNnhGZ2FsTFhNaXo3Uzl1aUwxd29kWjJMYVF1Ti92OWxaalNEakdJYjJoQQpjSWlOOVowMm1DdlplUVJwNXc9PQotLS0tLUVORCBDRVJUSUZJQ0FURS0tLS0tCg==\n    server: https://flixtube-3fa11dad.hcp.southeastasia.azmk8s.io:443\n  name: flixtube\ncontexts:\n- context:\n    cluster: flixtube\n    user: clusterUser_flixtube_flixtube\n  name: flixtube\ncurrent-context: flixtube\nkind: Config\npreferences: {}\nusers:\n- name: clusterUser_flixtube_flixtube\n  user:\n    client-certificate-data: LS0tLS1CRUdJTiBDRVJUSUZJQ0FURS0tLS0tCk1JSUZIakNDQXdhZ0F3SUJBZ0lSQUpIcEg4L3M5cGR5YXg5NHVzczhVakl3RFFZSktvWklodmNOQVFFTEJRQXcKRFRFTE1Ba0dBMVVFQXhNQ1kyRXdIaGNOTWpNd01qRTBNRFF5TkRNMVdoY05NalV3TWpFME1EUXpORE0xV2pBdwpNUmN3RlFZRFZRUUtFdzV6ZVhOMFpXMDZiV0Z6ZEdWeWN6RVZNQk1HQTFVRUF4TU1iV0Z6ZEdWeVkyeHBaVzUwCk1JSUNJakFOQmdrcWhraUc5dzBCQVFFRkFBT0NBZzhBTUlJQ0NnS0NBZ0VBcjZpbkNacFB2S3R2T2RreGZPbGoKdFMrMDlremw4WW1ESnJ3ZGFzY2lKYkZnWFpyTUFzWGtLeVF6bWtPSWVuaTFHSVlBUjR5SWY4L3ZTV0lTRTh6TApRSk1tMjlwcmpGeEdZMzQ4Qzd0QVJPWi96Y1JsVVJiV0YwcVRiNTFQREVsdWJvQTQzWXUvQjVLeWNQdU15QWNvCjgwRnNBU2VUNjNJaGZuMTN3VGVRUEFuUXBRTVRvc3ptNUhTZURKU09pNUVTTkxKM1ZPT204ZUdEVmRWYTRrZUsKSVpBWHhjNVJTdkdSWkVoTmhUaW05YzVzeFp6TzNtU1Z4QjhlUXY2Zk1RdklRczJqalRPTHNwemdHdm9PK3dIcApQZlhyNGZjOUIwOTgxTE44VXlFaUpxRVAyTTJOOVNwVkt5TzJrNkNVUWxZaG1Hd3RyV2xsaUllTWVJeGsyUWhNCmNrdC9BNW1tZGhUREtBK1J5TzFhMjEwVFgxdVRKa0FjZ2xHRWMxaGVnMjkxSlh0a0F4MUFFeERjc1JKN0EyYXQKT0VrMGw1RTBtNFFwQnl5c2c4UXdPOE1wbjVaeDFKVzgvRlpaMDJobEtDT25jNFVDd0Q1cnlhTE4wK0NnSjZQMwpHWU52RlhERU9LV3M2OWdrdEp5VWNTODhaemhFNnZoUVdlNWFpZEUyQ3BEZkd3anhvS3ZMa1ZiTFF4WUZGbHVnCmJHeDRGc2NVSzFoZkNOVEVSeWY3TmRJL0UyWlVFZ0pBd2dKaTJJL2NkcXNWUHV2TTk2NEs0ZzNoenIxUjZyNDgKSDN6c1p1UEM3Z2xKTU9ydk1zS3VCd0EwNGMxUCtmeHBCbHAxb3VaemVSSDhrK29kTU1yV0FrckQxdStaOWRLdQpTWjVsdmIvcUV4Q3BLVXAwSm1UenZKVUNBd0VBQWFOV01GUXdEZ1lEVlIwUEFRSC9CQVFEQWdXZ01CTUdBMVVkCkpRUU1NQW9HQ0NzR0FRVUZCd01DTUF3R0ExVWRFd0VCL3dRQ01BQXdId1lEVlIwakJCZ3dGb0FVZ1ZITWFlbUIKRFM4bGNmeDJjZjBkOExlT3hVd3dEUVlKS29aSWh2Y05BUUVMQlFBRGdnSUJBTVFadVpJN1VUVnVVK1N2aUs5bAowR0JxRnpjcElJbVNOdE1va3pad3JnZ0c5b0VYUlRPRE11bTJBNVBjNzVEZWRneW82Ylh6UEVUTDVvVVVlVjdlCnkrcG1SVlVMTFJjelRKYlNTWDl2c0Vtd056M3dpWkpaSVdyYUNYNzNUclJYTXpvVHNoeGZISTBpTnpkbUdaNEMKR2Q0MUhJNDQwZVFmTXc1Y0FRV25UWHhScWp0dzZPUTRncXFvS0pJQklYcjBiZ2N6anZyalRxdmU4UXErT3A4YwpCYm1NVXBZZDhncWVhL0xZcm05S3hCQ3IrNThCVHlkZjJlcnZZbWxxZUE3ZE81emNSREN2QXlrS0VidHFsSTVMCm54d2xaaHFVWjRjQzBTRkRBS2F0SDZLUFdTY0JHZnJNdlJaVnd2VWtCMVkyYzdGVTRickZYaGFYOWVKckQzSGoKeUh3MGZ5bXQ2ZHlhLzVWM25oaW9RQnBFcEU1YjVGQlk0VkZheU96eXVOTGxnRUVKcVBnaWk0Nk91QnhoVjlBMwp3RzEyemNEUnJ0a2drZ1VwVGoycjIyWURMNjBMYnl6NFNITnRnUjg0aHZXdFhzbmg4WkFGOU5FNis4RndrWkdaCjRwanREV2dqMmVXQ29hUXZzTlJoRVFxVkNBcW51Y05wRUFRYTVaTmlQa3A2KzlYeUVyQUpJd0xtamVGL2xmK1MKT2NLaEg1U1JnNU85dE12OEhFMWdtVUt3RzhhVkJNN0FValplMk9Tb2pCejF2U1pwVGhZQkowNkMrVmFLWVZRTgpGVVlRd2xnKzZiZzVHZjN2WFNTZTVRc3VBenpxZHNwZkZMSUdjQjE0c1N2QWVMcmdSNUtHUGU5QTRRek5YbHZMCmtlaTlTU2UvTS9UQWY5VTlkOXh0WFU5SwotLS0tLUVORCBDRVJUSUZJQ0FURS0tLS0tCg==\n    client-key-data: LS0tLS1CRUdJTiBSU0EgUFJJVkFURSBLRVktLS0tLQpNSUlKS0FJQkFBS0NBZ0VBcjZpbkNacFB2S3R2T2RreGZPbGp0UyswOWt6bDhZbURKcndkYXNjaUpiRmdYWnJNCkFzWGtLeVF6bWtPSWVuaTFHSVlBUjR5SWY4L3ZTV0lTRTh6TFFKTW0yOXByakZ4R1kzNDhDN3RBUk9aL3pjUmwKVVJiV0YwcVRiNTFQREVsdWJvQTQzWXUvQjVLeWNQdU15QWNvODBGc0FTZVQ2M0loZm4xM3dUZVFQQW5RcFFNVApvc3ptNUhTZURKU09pNUVTTkxKM1ZPT204ZUdEVmRWYTRrZUtJWkFYeGM1UlN2R1JaRWhOaFRpbTljNXN4WnpPCjNtU1Z4QjhlUXY2Zk1RdklRczJqalRPTHNwemdHdm9PK3dIcFBmWHI0ZmM5QjA5ODFMTjhVeUVpSnFFUDJNMk4KOVNwVkt5TzJrNkNVUWxZaG1Hd3RyV2xsaUllTWVJeGsyUWhNY2t0L0E1bW1kaFRES0ErUnlPMWEyMTBUWDF1VApKa0FjZ2xHRWMxaGVnMjkxSlh0a0F4MUFFeERjc1JKN0EyYXRPRWswbDVFMG00UXBCeXlzZzhRd084TXBuNVp4CjFKVzgvRlpaMDJobEtDT25jNFVDd0Q1cnlhTE4wK0NnSjZQM0dZTnZGWERFT0tXczY5Z2t0SnlVY1M4OFp6aEUKNnZoUVdlNWFpZEUyQ3BEZkd3anhvS3ZMa1ZiTFF4WUZGbHVnYkd4NEZzY1VLMWhmQ05URVJ5ZjdOZEkvRTJaVQpFZ0pBd2dKaTJJL2NkcXNWUHV2TTk2NEs0ZzNoenIxUjZyNDhIM3pzWnVQQzdnbEpNT3J2TXNLdUJ3QTA0YzFQCitmeHBCbHAxb3VaemVSSDhrK29kTU1yV0FrckQxdStaOWRLdVNaNWx2Yi9xRXhDcEtVcDBKbVR6dkpVQ0F3RUEKQVFLQ0FnQVhlS3loTHRwYXRubU5QRVZOa0kzL0p0bkNVM0lpUFNLbUtWcXc2dHpZTm9STzNhRkcrWlJNWTNEMQp1dkpna3dKM3ZXZ0tKM0FSekFJSVJ5OXRMOTgweUxUWGlhNzNPVms2Y0NLcjJxQnkxRzNkVzlIQjdSQThXbjJxCjIxVTFxaFkwYzdPbGZzZk94ajVMdElFU05VcTJmbFpsTFJtcHl6MUlmcEZpNHY3RjF2WG5KcXNZQk5NUlViZlEKcklVRGh5WHNuckF0U3FJRERnUVRrd2VxMXE1Ulg4U2RiTDBXQzRORzZCWmJwNzgvZHc2M3RRVTdXQ3RlNGwyVAp6QndQWEtpc3JIZWZKWFVVTDd3T1ByMkRzclNzejlCdUNEQkNhcytlU0VGamhqamUrb1I0anJiYVBJYlcxZFhPCmtoVmRhODdmWkEwU2I5UGVVMlprc1RYRWZrUmdoRzBoS0psVStHRXA3QlFQQXV4VEZZN3UvS2VTdWQ2QWxtZ0oKWHorZy93TnZ1aTR0WUtyVFB3eWprYW14WGkvcUxvSHVxYndyUHpTdE81Mk9RVTMvTkJZK2FZUEVRQXdaY051WApLNUMzOCs2Y3FGK2lvdmdQWitvY1FiNDNCOEVvZS92V1JzT2VKTUhBMWhpVTJtTlZRQ0hOWHBLdzZiMVM5SG9NCnlONXNXRE9mWWhZVTNNckplN1RHeTlyZDY1SVo2WnNFV2x4OVdVR0QrbXZ5TVZsOHZGZmhtUXFWcjlMRno2YzMKVmpPYmFIMERVZUNUQytTa21mMldrZ0Jmckx0ZmNXanZuaFRrMW1NN1c3RHNmOWdESXBab0xNaW5JWFlrK3o1SApjRktnU2xGa1pQZjZLMUEybzZnUVNsa2JpYzZHZ2dtdVlxZlM2VE5DWGdYdndKZ0czUUtDQVFFQXdsMTF2bzRWCk4rbFZiQmxWMk1CVXN4OTVjSWMyejMxYTZLRkk0V3ZjdnpyMDMwUERuMVJzdDFLQzgvK0VPb291M24xeFFnZGYKaUltVTlMQXM1bFpSazg1MDB0d3N4WG1HblMweHlXOGQ0bzVEUTZtbTBWS0R0L05zVHYzNUtlOXl2d0ZDcDVUegovTXFmYkFLb2tkWVAzMFVwNW1wamZnbDRBMlRMRzhWYzREeDdFV0I0OC9jQmJLUHlRNjNLSkZVczdKa0lNTnNmCldSQlN0UFFzMDRwZ3NvVE1nQWRObTJHZzlIcFcweW1OVkt1a2dwTldUdGlEZUZ2dXQrOGZCREhMdWEyZzV2eVcKM3pPR21nT2g2RXh1dURtTnBaSnBJNEZGRXNNZkRFcWtQTFdGWjQ1dXZHRUxSK0lKcUF4QkRQa3hPMldKMjNveAo4c2JQRytZaWJMT1hPd0tDQVFFQTUxeWVVb2V2RWtsSVJLTUM0Y0djZ1VKQ0JEclFyRTl6Q2tUSXExMHIrYnpRCldyUWdFZlJPTnJKTXprSGdTbHMybVpMbEVidDFBY3NieTVCYWhtQmdEWlA3bmZTZEZ4WXhGVzltZ1hldE5xVTYKN1E3OXo5UjVvZlZTNTZlWXJ3M3VBWDBwMnd5djkwTS80ckZoc3FDd2J6Nk9JOTMrYXM0bjhFQklqRnhUVnVONgpQQnRKUUw0RHorVGh4ZnduUisxa3dIcmZ4Y0x6Y3NqbTFGemY2WU5Wd2VZREt0R0dqMzQ2MnZQM2VueHVZS2xICnAwcWVEZ1lRM0xzWDVoUUZNbnRsODlJVTNBd1lOMFJiNmRWdUtNenBud1ltOUV0TEpwSkRObmlWUWdadlAxalAKV3NKMzhMNkV0Z2tCZ2hqY3RVYXpDOHA4NkkySStldjBIbG14a3REZWJ3S0NBUUF2elRpR0V2K1k3cVA1b0FtQwo4MXBoYTE0OGxLU2dSeDR5bEdnT09LN2p3U1kwT3NCRDBVbWpsSUZzYk8waVVKWFNWbHVpZDVuQlJNVURvTWlLCkpiU09lM296MmI2UkdxQkd5N1N3NjhrWHpSRXg5T2w0RmFrYmRweXVtTHZNMm4wSUNORlIwY3BuNDVWdHhRR2MKVEY4KzlBMm9BNFpRbXhlUERoejl5WDVjRDhQY3RETkxIUGFXdDROL3JhQkhhME5QTlJ2VW1DK1BnZm8xVXRBcgpmcDdsaU0rYXRURWJBOW5JQnNhUHpHcGI1cExoSWtkWndOb2tvY2VHS1NNaHJ2V0J4dmdKbHhtcjcwb3RXck5aCkpHTWVuOWo4WFpQS0RhTGxTR084YkNjVVh6aGVEYU9pWk9PWFhEb3Z3RVBIWXduK3A2eE45REdRbWVDWjVmR1YKZGwyOUFvSUJBUURpUTV6K2YzM0M5M0k2MWVVeW5lT09NaHRZQWFFa2N3ckJ4eVV0R2hDd3kyeEUySlhvbVRHSQpvblVrM2g0WStmMTYwY00reFVLWC8yZnVlLzFjSDVLd2xNSGw1MTFlUDdDL0V0Ui8xMmZKNG11dmZSTFNGeXpoCkxJZm96K290Z1FUNzVjbHlWWVVkMzJIeU5LR2tUU3hmanlENWlOaVE0WThEa2dxaFlvV0tteXRtN3hTRHdaRCsKMXd2S1VXQ2xJbEIvUVd2by8xQ1JPRk11NnFsOHVKbTg2RksrcEd6aGxvUytyd3VmZVdPRkd1aGRma2IyMWczVgpvUSt0VG5VS3VzMnBWeEpaWldhbFhqQTVqaWFPdGwvZnl1ZDcwTXJ0TE91WXNQTGZ3R1U1NFlQZ2NnRlVxeTRrCnpNZngwSmpBbkNUc2Fob2dZSkxPUUdqYzZjRVZJVG4zQW9JQkFBMjVhMGNBSU9NVjhwb0IxUTVQcUdkc2NFREkKenpxbThLMjRhUTZwMHk0WVl6Z0pNckVZUUUxVDVnMW5pU0VkbUVEME11SUhoRHJEaFViRys3TGhWOS9yWXpPVApRaXlZTWVGQ0tzNWtzcXlWeWRKS1JOS0dqNld5dk1BWWw3V21scS9BeDJ4YzdrazNad3dlaWEyNXM1WkFuL3psClJ5ZjdUblcxSitWOE1RaDdURVkwcTkzUDJSR2tqYlAvY2psaDBJV1FBYkgrLzIxMHJIcTJQUjRnNUwzQWpRUDMKeGp5aDR6bVEyazlHK3IzRzZWYjZGZE0wanZWWGNUdXFZcDhkZDVrdFpPSjluZ0VCa3o0TjhKNmFlc1lFWDlzSApTU2E5SjQxZU5jZ1puZjYzTkpLT1o4NDNjUGZ6cld4QWZhRTBGMnJMWWw0aG4xOEIzeXBaa0ovck0zcz0KLS0tLS1FTkQgUlNBIFBSSVZBVEUgS0VZLS0tLS0K\n    token: 9532e386195667a192bbc069e5dad8eb3127a2be26c5a26663435e383ed467ddbd9efffc38d15b8f6fe4994749b839e1285d4713feb69143ef07a9a879b22678\n",
      "type": "string"
    },
    "cluster_private_key": {
      "value": "-----BEGIN RSA PRIVATE KEY-----\nMIIEpQIBAAKCAQEAtimAR+4GXPbHCy+weWG6bGVosokx9x9f6+zUzlqc+rNiPPzV\nwghP7izBw0QphKGNwmcwJTHR0jQ8UPbQPvgFZsI20ldI7cFuM3e8W9VA9ticRmpp\npQPpRkVjAIVj4PFXH5PO+qUDD7SV0qDiY3u9b9ngtexR5oTlmf7b4YhMEL3bBCqs\nmpc3riT+BqOX9+yyxhLFk8CwQgDgj7qfqY9AKsSXnEm0ujMNWSCiquOf8VNFezRJ\nhmIBrVyaVRQe6B6HsbcZGNvsI1EFb0LmIGcisqdZ8SOHiF4nsoalv6+FcT8Vjlkz\nKn6+pcd8lrJKcMCWmJ120yI5xlFa2B/1hv5AdwIDAQABAoIBAGF3jzXte+Yd/J5V\no/0ud0ssb3qnwd5SIUbg73SCM2BIvxWWyuEJBYuQ0xQh0n0u2+TaxX4BTB1G6ccA\naKhomKtE24RsQ49DYi2TsWsJjbsGZ4edxG0QzK5WzgQnWyuutkklEyg1RpAOteN/\nReKpANFqKLvueFv5W8ir/waLoPeLVxyBKd8eiWe8q8o23PDTz8SYJWK7bjcj+MDT\n1OCjf3DgLgSrv/0Tkc0sO8cK0wntGuPxCyaA1KeL42YZ/WZun/gEwuNLnPVr+Efl\n9oQIDQXmAOSHmbD5wJYJJUzdsm4TWN7mW6ZXo0tieKWU7XFfW/wYYdfFHCJmkyuZ\n70kDtBECgYEA1eo/rQQY0sx5AMjrHqi+h9uWlM5WXUhWlaml0S1NAychmoY2API+\nBS9r3pnTlXlic1ZwknHImYKnfE7Q61L4ZGFbZu25ImpGBoeMOk3SacL4SOPxuxOx\n10w/TnogfeVEfNW9AC0TMTwsKY1i9oG7rCfa1UdIhKCwIVGM7Yy9a4sCgYEA2gAH\nP6e4UAPABnoiir7FRPnRHDxVtxNnzNtUpPxdkiZvCBbWgSc7boLB8ZVX+sgR9ZKb\nzXPbR0DacfsCcxRWo8EpFQgecxoW2pugMnkwcwqdgqiIB+C10pG/d+8keesbNVg7\n/SpWjwpWMC7s3ZcOg2tmJgU4zgubBbwJB8BpTEUCgYEApKDL8paVmB3e/hiiwoyx\nXZNEly8ZTl8uq63NPGe1vjhuZyLlCuNjkdAGH2GZcY7ikssyhbHl5SalSUjLBmBr\nY619j4Bim7bYP4wwAmsEBXsUY9xxnD0y//PhQL9CpEE+7Sf9ddY60Ah0IGJ8iCQd\n0Ac4Ji3fBJs6EdpWMDfBS7MCgYEAy0+Vcw93vOASebf0eRN8JV0bYcr/YdOuTgcM\nBSb8GW7QxGmQOjmdmu5F9IoE2HU5Ep9dwRnZGrXoRL8FxM/mEaj3KI8+3rgpMk5L\n9GbEAbaXuaB15Wr0B+M3/6G/khjrci/NGsoemh7YzO0mqW7U8Un7pV/fX4LBXHLG\ntT0Et0UCgYEAjB/QbZhpLSi7kQ2A2EhS4uk9i+TxzwXggyasn1Ol66EjiIvVzVgO\nTc9HZe/C3LNG25FElDoabPq6PoQQdZw9rtvhC7CqbtBWzWfQG23YStRtyEqwSFqN\n2hkFBP9Rd1wL8Y4PZK1hRawTVolsFyB7cAaWc/VW9DFOMAgYMNsGBVs=\n-----END RSA PRIVATE KEY-----\n",
      "type": "string"
    },
    "cluster_public_key": {
      "value": "-----BEGIN PUBLIC KEY-----\nMIIBIjANBgkqhkiG9w0BAQEFAAOCAQ8AMIIBCgKCAQEAtimAR+4GXPbHCy+weWG6\nbGVosokx9x9f6+zUzlqc+rNiPPzVwghP7izBw0QphKGNwmcwJTHR0jQ8UPbQPvgF\nZsI20ldI7cFuM3e8W9VA9ticRmpppQPpRkVjAIVj4PFXH5PO+qUDD7SV0qDiY3u9\nb9ngtexR5oTlmf7b4YhMEL3bBCqsmpc3riT+BqOX9+yyxhLFk8CwQgDgj7qfqY9A\nKsSXnEm0ujMNWSCiquOf8VNFezRJhmIBrVyaVRQe6B6HsbcZGNvsI1EFb0LmIGci\nsqdZ8SOHiF4nsoalv6+FcT8VjlkzKn6+pcd8lrJKcMCWmJ120yI5xlFa2B/1hv5A\ndwIDAQAB\n-----END PUBLIC KEY-----\n",
      "type": "string"
    },
    "registry_hostname": {
      "value": "flixtubetouch.azurecr.io",
      "type": "string"
    },
    "registry_pw": {
      "value": "A9HZnhn9vS0o/38jot483+9+J1XzlolMiQImTuiOaT+ACRDx6EsT",
      "type": "string"
    },
    "registry_un": {
      "value": "flixtubetouch",
      "type": "string"
    }
  },
  "resources": [
    {
      "mode": "managed",
      "type": "azurerm_container_registry",
      "name": "container_registry",
      "provider": "provider[\"registry.terraform.io/hashicorp/azurerm\"]",
      "instances": [
        {
          "schema_version": 2,
          "attributes": {
            "admin_enabled": true,
            "admin_password": "A9HZnhn9vS0o/38jot483+9+J1XzlolMiQImTuiOaT+ACRDx6EsT",
            "admin_username": "flixtubetouch",
            "anonymous_pull_enabled": false,
            "data_endpoint_enabled": false,
            "encryption": [
              {
                "enabled": false,
                "identity_client_id": "",
                "key_vault_key_id": ""
              }
            ],
            "export_policy_enabled": true,
            "georeplications": [],
            "id": "/subscriptions/b9f49c1d-b9ca-4e85-b216-4283d9640811/resourceGroups/flixtube/providers/Microsoft.ContainerRegistry/registries/flixtubetouch",
            "identity": [],
            "location": "southeastasia",
            "login_server": "flixtubetouch.azurecr.io",
            "name": "flixtubetouch",
            "network_rule_bypass_option": "AzureServices",
            "network_rule_set": [],
            "public_network_access_enabled": true,
            "quarantine_policy_enabled": false,
            "resource_group_name": "flixtube",
            "retention_policy": [
              {
                "days": 7,
                "enabled": false
              }
            ],
            "sku": "Basic",
            "tags": {},
            "timeouts": null,
            "trust_policy": [
              {
                "enabled": false
              }
            ],
            "zone_redundancy_enabled": false
          },
          "sensitive_attributes": [],
          "private": "eyJlMmJmYjczMC1lY2FhLTExZTYtOGY4OC0zNDM2M2JjN2M0YzAiOnsiY3JlYXRlIjoxODAwMDAwMDAwMDAwLCJkZWxldGUiOjE4MDAwMDAwMDAwMDAsInJlYWQiOjMwMDAwMDAwMDAwMCwidXBkYXRlIjoxODAwMDAwMDAwMDAwfSwic2NoZW1hX3ZlcnNpb24iOiIyIn0=",
          "dependencies": [
            "azurerm_resource_group.flixtube"
          ]
        }
      ]
    },
    {
      "mode": "managed",
      "type": "azurerm_kubernetes_cluster",
      "name": "cluster",
      "provider": "provider[\"registry.terraform.io/hashicorp/azurerm\"]",
      "instances": [
        {
          "schema_version": 2,
          "attributes": {
            "aci_connector_linux": [],
            "api_server_access_profile": [],
            "api_server_authorized_ip_ranges": [],
            "auto_scaler_profile": [],
            "automatic_channel_upgrade": "",
            "azure_active_directory_role_based_access_control": [],
            "azure_policy_enabled": null,
            "default_node_pool": [
              {
                "capacity_reservation_group_id": "",
                "custom_ca_trust_enabled": false,
                "enable_auto_scaling": false,
                "enable_host_encryption": false,
                "enable_node_public_ip": false,
                "fips_enabled": false,
                "host_group_id": "",
                "kubelet_config": [],
                "kubelet_disk_type": "OS",
                "linux_os_config": [],
                "max_count": 0,
                "max_pods": 110,
                "message_of_the_day": "",
                "min_count": 0,
                "name": "default",
                "node_count": 1,
                "node_labels": {},
                "node_public_ip_prefix_id": "",
                "node_taints": [],
                "only_critical_addons_enabled": false,
                "orchestrator_version": "1.25.4",
                "os_disk_size_gb": 128,
                "os_disk_type": "Managed",
                "os_sku": "Ubuntu",
                "pod_subnet_id": "",
                "proximity_placement_group_id": "",
                "scale_down_mode": "Delete",
                "tags": {},
                "type": "VirtualMachineScaleSets",
                "ultra_ssd_enabled": false,
                "upgrade_settings": [],
                "vm_size": "Standard_B2ms",
                "vnet_subnet_id": "",
                "workload_runtime": "",
                "zones": []
              }
            ],
            "disk_encryption_set_id": "",
            "dns_prefix": "flixtube",
            "dns_prefix_private_cluster": "",
            "edge_zone": "",
            "enable_pod_security_policy": false,
            "fqdn": "flixtube-3fa11dad.hcp.southeastasia.azmk8s.io",
            "http_application_routing_enabled": null,
            "http_application_routing_zone_name": null,
            "http_proxy_config": [],
            "id": "/subscriptions/b9f49c1d-b9ca-4e85-b216-4283d9640811/resourceGroups/flixtube/providers/Microsoft.ContainerService/managedClusters/flixtube",
            "identity": [],
            "image_cleaner_enabled": false,
            "image_cleaner_interval_hours": 48,
            "ingress_application_gateway": [],
            "key_management_service": [],
            "key_vault_secrets_provider": [],
            "kube_admin_config": [],
            "kube_admin_config_raw": "",
            "kube_config": [
              {
                "client_certificate": "LS0tLS1CRUdJTiBDRVJUSUZJQ0FURS0tLS0tCk1JSUZIakNDQXdhZ0F3SUJBZ0lSQUpIcEg4L3M5cGR5YXg5NHVzczhVakl3RFFZSktvWklodmNOQVFFTEJRQXcKRFRFTE1Ba0dBMVVFQXhNQ1kyRXdIaGNOTWpNd01qRTBNRFF5TkRNMVdoY05NalV3TWpFME1EUXpORE0xV2pBdwpNUmN3RlFZRFZRUUtFdzV6ZVhOMFpXMDZiV0Z6ZEdWeWN6RVZNQk1HQTFVRUF4TU1iV0Z6ZEdWeVkyeHBaVzUwCk1JSUNJakFOQmdrcWhraUc5dzBCQVFFRkFBT0NBZzhBTUlJQ0NnS0NBZ0VBcjZpbkNacFB2S3R2T2RreGZPbGoKdFMrMDlremw4WW1ESnJ3ZGFzY2lKYkZnWFpyTUFzWGtLeVF6bWtPSWVuaTFHSVlBUjR5SWY4L3ZTV0lTRTh6TApRSk1tMjlwcmpGeEdZMzQ4Qzd0QVJPWi96Y1JsVVJiV0YwcVRiNTFQREVsdWJvQTQzWXUvQjVLeWNQdU15QWNvCjgwRnNBU2VUNjNJaGZuMTN3VGVRUEFuUXBRTVRvc3ptNUhTZURKU09pNUVTTkxKM1ZPT204ZUdEVmRWYTRrZUsKSVpBWHhjNVJTdkdSWkVoTmhUaW05YzVzeFp6TzNtU1Z4QjhlUXY2Zk1RdklRczJqalRPTHNwemdHdm9PK3dIcApQZlhyNGZjOUIwOTgxTE44VXlFaUpxRVAyTTJOOVNwVkt5TzJrNkNVUWxZaG1Hd3RyV2xsaUllTWVJeGsyUWhNCmNrdC9BNW1tZGhUREtBK1J5TzFhMjEwVFgxdVRKa0FjZ2xHRWMxaGVnMjkxSlh0a0F4MUFFeERjc1JKN0EyYXQKT0VrMGw1RTBtNFFwQnl5c2c4UXdPOE1wbjVaeDFKVzgvRlpaMDJobEtDT25jNFVDd0Q1cnlhTE4wK0NnSjZQMwpHWU52RlhERU9LV3M2OWdrdEp5VWNTODhaemhFNnZoUVdlNWFpZEUyQ3BEZkd3anhvS3ZMa1ZiTFF4WUZGbHVnCmJHeDRGc2NVSzFoZkNOVEVSeWY3TmRJL0UyWlVFZ0pBd2dKaTJJL2NkcXNWUHV2TTk2NEs0ZzNoenIxUjZyNDgKSDN6c1p1UEM3Z2xKTU9ydk1zS3VCd0EwNGMxUCtmeHBCbHAxb3VaemVSSDhrK29kTU1yV0FrckQxdStaOWRLdQpTWjVsdmIvcUV4Q3BLVXAwSm1UenZKVUNBd0VBQWFOV01GUXdEZ1lEVlIwUEFRSC9CQVFEQWdXZ01CTUdBMVVkCkpRUU1NQW9HQ0NzR0FRVUZCd01DTUF3R0ExVWRFd0VCL3dRQ01BQXdId1lEVlIwakJCZ3dGb0FVZ1ZITWFlbUIKRFM4bGNmeDJjZjBkOExlT3hVd3dEUVlKS29aSWh2Y05BUUVMQlFBRGdnSUJBTVFadVpJN1VUVnVVK1N2aUs5bAowR0JxRnpjcElJbVNOdE1va3pad3JnZ0c5b0VYUlRPRE11bTJBNVBjNzVEZWRneW82Ylh6UEVUTDVvVVVlVjdlCnkrcG1SVlVMTFJjelRKYlNTWDl2c0Vtd056M3dpWkpaSVdyYUNYNzNUclJYTXpvVHNoeGZISTBpTnpkbUdaNEMKR2Q0MUhJNDQwZVFmTXc1Y0FRV25UWHhScWp0dzZPUTRncXFvS0pJQklYcjBiZ2N6anZyalRxdmU4UXErT3A4YwpCYm1NVXBZZDhncWVhL0xZcm05S3hCQ3IrNThCVHlkZjJlcnZZbWxxZUE3ZE81emNSREN2QXlrS0VidHFsSTVMCm54d2xaaHFVWjRjQzBTRkRBS2F0SDZLUFdTY0JHZnJNdlJaVnd2VWtCMVkyYzdGVTRickZYaGFYOWVKckQzSGoKeUh3MGZ5bXQ2ZHlhLzVWM25oaW9RQnBFcEU1YjVGQlk0VkZheU96eXVOTGxnRUVKcVBnaWk0Nk91QnhoVjlBMwp3RzEyemNEUnJ0a2drZ1VwVGoycjIyWURMNjBMYnl6NFNITnRnUjg0aHZXdFhzbmg4WkFGOU5FNis4RndrWkdaCjRwanREV2dqMmVXQ29hUXZzTlJoRVFxVkNBcW51Y05wRUFRYTVaTmlQa3A2KzlYeUVyQUpJd0xtamVGL2xmK1MKT2NLaEg1U1JnNU85dE12OEhFMWdtVUt3RzhhVkJNN0FValplMk9Tb2pCejF2U1pwVGhZQkowNkMrVmFLWVZRTgpGVVlRd2xnKzZiZzVHZjN2WFNTZTVRc3VBenpxZHNwZkZMSUdjQjE0c1N2QWVMcmdSNUtHUGU5QTRRek5YbHZMCmtlaTlTU2UvTS9UQWY5VTlkOXh0WFU5SwotLS0tLUVORCBDRVJUSUZJQ0FURS0tLS0tCg==",
                "client_key": "LS0tLS1CRUdJTiBSU0EgUFJJVkFURSBLRVktLS0tLQpNSUlKS0FJQkFBS0NBZ0VBcjZpbkNacFB2S3R2T2RreGZPbGp0UyswOWt6bDhZbURKcndkYXNjaUpiRmdYWnJNCkFzWGtLeVF6bWtPSWVuaTFHSVlBUjR5SWY4L3ZTV0lTRTh6TFFKTW0yOXByakZ4R1kzNDhDN3RBUk9aL3pjUmwKVVJiV0YwcVRiNTFQREVsdWJvQTQzWXUvQjVLeWNQdU15QWNvODBGc0FTZVQ2M0loZm4xM3dUZVFQQW5RcFFNVApvc3ptNUhTZURKU09pNUVTTkxKM1ZPT204ZUdEVmRWYTRrZUtJWkFYeGM1UlN2R1JaRWhOaFRpbTljNXN4WnpPCjNtU1Z4QjhlUXY2Zk1RdklRczJqalRPTHNwemdHdm9PK3dIcFBmWHI0ZmM5QjA5ODFMTjhVeUVpSnFFUDJNMk4KOVNwVkt5TzJrNkNVUWxZaG1Hd3RyV2xsaUllTWVJeGsyUWhNY2t0L0E1bW1kaFRES0ErUnlPMWEyMTBUWDF1VApKa0FjZ2xHRWMxaGVnMjkxSlh0a0F4MUFFeERjc1JKN0EyYXRPRWswbDVFMG00UXBCeXlzZzhRd084TXBuNVp4CjFKVzgvRlpaMDJobEtDT25jNFVDd0Q1cnlhTE4wK0NnSjZQM0dZTnZGWERFT0tXczY5Z2t0SnlVY1M4OFp6aEUKNnZoUVdlNWFpZEUyQ3BEZkd3anhvS3ZMa1ZiTFF4WUZGbHVnYkd4NEZzY1VLMWhmQ05URVJ5ZjdOZEkvRTJaVQpFZ0pBd2dKaTJJL2NkcXNWUHV2TTk2NEs0ZzNoenIxUjZyNDhIM3pzWnVQQzdnbEpNT3J2TXNLdUJ3QTA0YzFQCitmeHBCbHAxb3VaemVSSDhrK29kTU1yV0FrckQxdStaOWRLdVNaNWx2Yi9xRXhDcEtVcDBKbVR6dkpVQ0F3RUEKQVFLQ0FnQVhlS3loTHRwYXRubU5QRVZOa0kzL0p0bkNVM0lpUFNLbUtWcXc2dHpZTm9STzNhRkcrWlJNWTNEMQp1dkpna3dKM3ZXZ0tKM0FSekFJSVJ5OXRMOTgweUxUWGlhNzNPVms2Y0NLcjJxQnkxRzNkVzlIQjdSQThXbjJxCjIxVTFxaFkwYzdPbGZzZk94ajVMdElFU05VcTJmbFpsTFJtcHl6MUlmcEZpNHY3RjF2WG5KcXNZQk5NUlViZlEKcklVRGh5WHNuckF0U3FJRERnUVRrd2VxMXE1Ulg4U2RiTDBXQzRORzZCWmJwNzgvZHc2M3RRVTdXQ3RlNGwyVAp6QndQWEtpc3JIZWZKWFVVTDd3T1ByMkRzclNzejlCdUNEQkNhcytlU0VGamhqamUrb1I0anJiYVBJYlcxZFhPCmtoVmRhODdmWkEwU2I5UGVVMlprc1RYRWZrUmdoRzBoS0psVStHRXA3QlFQQXV4VEZZN3UvS2VTdWQ2QWxtZ0oKWHorZy93TnZ1aTR0WUtyVFB3eWprYW14WGkvcUxvSHVxYndyUHpTdE81Mk9RVTMvTkJZK2FZUEVRQXdaY051WApLNUMzOCs2Y3FGK2lvdmdQWitvY1FiNDNCOEVvZS92V1JzT2VKTUhBMWhpVTJtTlZRQ0hOWHBLdzZiMVM5SG9NCnlONXNXRE9mWWhZVTNNckplN1RHeTlyZDY1SVo2WnNFV2x4OVdVR0QrbXZ5TVZsOHZGZmhtUXFWcjlMRno2YzMKVmpPYmFIMERVZUNUQytTa21mMldrZ0Jmckx0ZmNXanZuaFRrMW1NN1c3RHNmOWdESXBab0xNaW5JWFlrK3o1SApjRktnU2xGa1pQZjZLMUEybzZnUVNsa2JpYzZHZ2dtdVlxZlM2VE5DWGdYdndKZ0czUUtDQVFFQXdsMTF2bzRWCk4rbFZiQmxWMk1CVXN4OTVjSWMyejMxYTZLRkk0V3ZjdnpyMDMwUERuMVJzdDFLQzgvK0VPb291M24xeFFnZGYKaUltVTlMQXM1bFpSazg1MDB0d3N4WG1HblMweHlXOGQ0bzVEUTZtbTBWS0R0L05zVHYzNUtlOXl2d0ZDcDVUegovTXFmYkFLb2tkWVAzMFVwNW1wamZnbDRBMlRMRzhWYzREeDdFV0I0OC9jQmJLUHlRNjNLSkZVczdKa0lNTnNmCldSQlN0UFFzMDRwZ3NvVE1nQWRObTJHZzlIcFcweW1OVkt1a2dwTldUdGlEZUZ2dXQrOGZCREhMdWEyZzV2eVcKM3pPR21nT2g2RXh1dURtTnBaSnBJNEZGRXNNZkRFcWtQTFdGWjQ1dXZHRUxSK0lKcUF4QkRQa3hPMldKMjNveAo4c2JQRytZaWJMT1hPd0tDQVFFQTUxeWVVb2V2RWtsSVJLTUM0Y0djZ1VKQ0JEclFyRTl6Q2tUSXExMHIrYnpRCldyUWdFZlJPTnJKTXprSGdTbHMybVpMbEVidDFBY3NieTVCYWhtQmdEWlA3bmZTZEZ4WXhGVzltZ1hldE5xVTYKN1E3OXo5UjVvZlZTNTZlWXJ3M3VBWDBwMnd5djkwTS80ckZoc3FDd2J6Nk9JOTMrYXM0bjhFQklqRnhUVnVONgpQQnRKUUw0RHorVGh4ZnduUisxa3dIcmZ4Y0x6Y3NqbTFGemY2WU5Wd2VZREt0R0dqMzQ2MnZQM2VueHVZS2xICnAwcWVEZ1lRM0xzWDVoUUZNbnRsODlJVTNBd1lOMFJiNmRWdUtNenBud1ltOUV0TEpwSkRObmlWUWdadlAxalAKV3NKMzhMNkV0Z2tCZ2hqY3RVYXpDOHA4NkkySStldjBIbG14a3REZWJ3S0NBUUF2elRpR0V2K1k3cVA1b0FtQwo4MXBoYTE0OGxLU2dSeDR5bEdnT09LN2p3U1kwT3NCRDBVbWpsSUZzYk8waVVKWFNWbHVpZDVuQlJNVURvTWlLCkpiU09lM296MmI2UkdxQkd5N1N3NjhrWHpSRXg5T2w0RmFrYmRweXVtTHZNMm4wSUNORlIwY3BuNDVWdHhRR2MKVEY4KzlBMm9BNFpRbXhlUERoejl5WDVjRDhQY3RETkxIUGFXdDROL3JhQkhhME5QTlJ2VW1DK1BnZm8xVXRBcgpmcDdsaU0rYXRURWJBOW5JQnNhUHpHcGI1cExoSWtkWndOb2tvY2VHS1NNaHJ2V0J4dmdKbHhtcjcwb3RXck5aCkpHTWVuOWo4WFpQS0RhTGxTR084YkNjVVh6aGVEYU9pWk9PWFhEb3Z3RVBIWXduK3A2eE45REdRbWVDWjVmR1YKZGwyOUFvSUJBUURpUTV6K2YzM0M5M0k2MWVVeW5lT09NaHRZQWFFa2N3ckJ4eVV0R2hDd3kyeEUySlhvbVRHSQpvblVrM2g0WStmMTYwY00reFVLWC8yZnVlLzFjSDVLd2xNSGw1MTFlUDdDL0V0Ui8xMmZKNG11dmZSTFNGeXpoCkxJZm96K290Z1FUNzVjbHlWWVVkMzJIeU5LR2tUU3hmanlENWlOaVE0WThEa2dxaFlvV0tteXRtN3hTRHdaRCsKMXd2S1VXQ2xJbEIvUVd2by8xQ1JPRk11NnFsOHVKbTg2RksrcEd6aGxvUytyd3VmZVdPRkd1aGRma2IyMWczVgpvUSt0VG5VS3VzMnBWeEpaWldhbFhqQTVqaWFPdGwvZnl1ZDcwTXJ0TE91WXNQTGZ3R1U1NFlQZ2NnRlVxeTRrCnpNZngwSmpBbkNUc2Fob2dZSkxPUUdqYzZjRVZJVG4zQW9JQkFBMjVhMGNBSU9NVjhwb0IxUTVQcUdkc2NFREkKenpxbThLMjRhUTZwMHk0WVl6Z0pNckVZUUUxVDVnMW5pU0VkbUVEME11SUhoRHJEaFViRys3TGhWOS9yWXpPVApRaXlZTWVGQ0tzNWtzcXlWeWRKS1JOS0dqNld5dk1BWWw3V21scS9BeDJ4YzdrazNad3dlaWEyNXM1WkFuL3psClJ5ZjdUblcxSitWOE1RaDdURVkwcTkzUDJSR2tqYlAvY2psaDBJV1FBYkgrLzIxMHJIcTJQUjRnNUwzQWpRUDMKeGp5aDR6bVEyazlHK3IzRzZWYjZGZE0wanZWWGNUdXFZcDhkZDVrdFpPSjluZ0VCa3o0TjhKNmFlc1lFWDlzSApTU2E5SjQxZU5jZ1puZjYzTkpLT1o4NDNjUGZ6cld4QWZhRTBGMnJMWWw0aG4xOEIzeXBaa0ovck0zcz0KLS0tLS1FTkQgUlNBIFBSSVZBVEUgS0VZLS0tLS0K",
                "cluster_ca_certificate": "LS0tLS1CRUdJTiBDRVJUSUZJQ0FURS0tLS0tCk1JSUU2VENDQXRHZ0F3SUJBZ0lSQUxoUGZFZFd6bk9keW5GaUlKOHNPbVl3RFFZSktvWklodmNOQVFFTEJRQXcKRFRFTE1Ba0dBMVVFQXhNQ1kyRXdJQmNOTWpNd01qRTBNRFF5TkRNMVdoZ1BNakExTXpBeU1UUXdORE0wTXpWYQpNQTB4Q3pBSkJnTlZCQU1UQW1OaE1JSUNJakFOQmdrcWhraUc5dzBCQVFFRkFBT0NBZzhBTUlJQ0NnS0NBZ0VBCjRkcHRkUy83N2EyalpCS0R4VWk5Nm1aWUlrVWVKbjJBbzZnM3c1d2M2U3ZzU1Rkb1NmeklBRlNGTjhGMU1OVnUKYitES3JoYUJhWnpQK2NxRG55ajlPSFZPMys5ZmpGbTkwZ2Z6b1RLZTVpMi9MMjFLelRkOThjZW1nZFFVWGE4OQp4RmV6VUJlUE5NaVNXTmJiellkb2dEdlB6OUNSU3pTSUVUTXZOMG1KR25VWHFHdjdLajNSK0V2dnZsZExmcTAxCmFyN0lSMG1US0JiQ2NSU2l3WmxQbldabVdHR05kS29nMzlERkxiai82SkJyNXkzejlrZXJuVjBZekxIMUIrQjUKU2dWelpkeG1IMm5WZ2dWd0QxUy9jL2VoY1NiYUxKZDJtZk1PdHhFUm91Vzd5NC9YdFpqRk1RcFVTZTlxQjY0bgptMzFqakhUTkEwbmp1YWRTelAvQ2N1NmhNOTFUMXBzdXRMc3BuVXlld0pvREZzbGMxYWQ0WXJPMnpHbmRta05pClQ3SkVHT2JUS0NDVndhQjQxalRQRVZSVDZmb1I0TGNxeUVPZStVaEtjZTd1WGptV1RQUmcrQVo4NjFISkE5a1UKWTFaOGgxWmJIZmEzVUFyRFF1WDMrMnJRdjNPcTZEaGE4NzlYSWNseFdxN1krM2JWMmNMV3Rnd1J4UStuaUk4bQo3WFljNjNVTGY2WGhXcEhocE9LWnBrVEJFQVdIb2tZdDEzTnJNS0RDNHFNbS9MN2t4ZVZQNFpqY01uWmdxSEw4CnRMSlpWVHVXQzdiR2lLdGxqNzBpOXBlaEtySi91L25hcnRsZCtFdENXQlBwdzZpMHZQU2xNT3g5RThPdEpJMWcKVk9wdlBtRDN6VkVLZlpwVCtZbFA0anNqVXBEczlUWkpTYTJINHcrVmZKY0NBd0VBQWFOQ01FQXdEZ1lEVlIwUApBUUgvQkFRREFnS2tNQThHQTFVZEV3RUIvd1FGTUFNQkFmOHdIUVlEVlIwT0JCWUVGSUZSekducGdRMHZKWEg4CmRuSDlIZkMzanNWTU1BMEdDU3FHU0liM0RRRUJDd1VBQTRJQ0FRQ1hpaXIzU1gxUHg1VkQwTlRySGsrSWZpZHkKbGRITGR3Q0dKNTE5YlFlZmwxVVRCK1V0VUY5WVJkMERYK2hCbUVmdWxuR0VzdzdZLzBZeFdMaHh1eFppbVk5MwpLZFZ6M3dpWklOY2dZYUZKdmxrZzRkeWxyQUwrT1hmYWZ6dHBsNG5FT1pUbW9qb2FtdlpHNUJVZUpic0djRUxBClJWUE96T1pEbm9ObzB4ZUZFYmdCY1JOL0I1cWZFNGZMVlp3dWdqY2kwMVBYUFAvc0Y2MEVoUllEaEZnM3ZBa0MKaVRPN1JFNTJmTkpWTVZXeXdMWnBSejJ6a0FYVWJJREExdnVWdkRXTTRyd2k2MU5GK05mOGsrNmxKQWp6UUc0UgpKdHdITkNVdUJxcWFrMG1yc09UOFRiNnRiZjluL0hJS0Q4bFNnZEFEanB0cUwyTWVyZytrQTRMcmRZanY2N0drCnZpNEorQW1FbGF5VUhra1dlQ2tDdzNBQXF4bFpRcjhrMEZyamhXUzYrS2RvMW5hTFVucUVVbnMxa1JIcmZsNmwKREFZbUhndUxKV3N6VkowSHhZTEZDRlY2VndEcEtyRnRCUVpMNkJRQW40clRrZy9LdTRtTEdCRmhaUlFROHFMSgpwcGlvL3NTcENCSmtLMkowbDJYbGtReUEyZmJsUUZaY2pFbWNZNCtPazZoM0dKRzNUZ2k3bjB4OXBLNWpoRGZ3ClIvbkNLV0NxU1F2RFVSWHNYenRTd2g0M0FRdWduc2JFRCttYkhPZFNkMHNVblF2OVppVks3bGdrNVV0bDBOWTAKRVh2Zmp5WDVNM1VwWXJSVUF0M3BHNnhGZ2FsTFhNaXo3Uzl1aUwxd29kWjJMYVF1Ti92OWxaalNEakdJYjJoQQpjSWlOOVowMm1DdlplUVJwNXc9PQotLS0tLUVORCBDRVJUSUZJQ0FURS0tLS0tCg==",
                "host": "https://flixtube-3fa11dad.hcp.southeastasia.azmk8s.io:443",
                "password": "9532e386195667a192bbc069e5dad8eb3127a2be26c5a26663435e383ed467ddbd9efffc38d15b8f6fe4994749b839e1285d4713feb69143ef07a9a879b22678",
                "username": "clusterUser_flixtube_flixtube"
              }
            ],
            "kube_config_raw": "apiVersion: v1\nclusters:\n- cluster:\n    certificate-authority-data: LS0tLS1CRUdJTiBDRVJUSUZJQ0FURS0tLS0tCk1JSUU2VENDQXRHZ0F3SUJBZ0lSQUxoUGZFZFd6bk9keW5GaUlKOHNPbVl3RFFZSktvWklodmNOQVFFTEJRQXcKRFRFTE1Ba0dBMVVFQXhNQ1kyRXdJQmNOTWpNd01qRTBNRFF5TkRNMVdoZ1BNakExTXpBeU1UUXdORE0wTXpWYQpNQTB4Q3pBSkJnTlZCQU1UQW1OaE1JSUNJakFOQmdrcWhraUc5dzBCQVFFRkFBT0NBZzhBTUlJQ0NnS0NBZ0VBCjRkcHRkUy83N2EyalpCS0R4VWk5Nm1aWUlrVWVKbjJBbzZnM3c1d2M2U3ZzU1Rkb1NmeklBRlNGTjhGMU1OVnUKYitES3JoYUJhWnpQK2NxRG55ajlPSFZPMys5ZmpGbTkwZ2Z6b1RLZTVpMi9MMjFLelRkOThjZW1nZFFVWGE4OQp4RmV6VUJlUE5NaVNXTmJiellkb2dEdlB6OUNSU3pTSUVUTXZOMG1KR25VWHFHdjdLajNSK0V2dnZsZExmcTAxCmFyN0lSMG1US0JiQ2NSU2l3WmxQbldabVdHR05kS29nMzlERkxiai82SkJyNXkzejlrZXJuVjBZekxIMUIrQjUKU2dWelpkeG1IMm5WZ2dWd0QxUy9jL2VoY1NiYUxKZDJtZk1PdHhFUm91Vzd5NC9YdFpqRk1RcFVTZTlxQjY0bgptMzFqakhUTkEwbmp1YWRTelAvQ2N1NmhNOTFUMXBzdXRMc3BuVXlld0pvREZzbGMxYWQ0WXJPMnpHbmRta05pClQ3SkVHT2JUS0NDVndhQjQxalRQRVZSVDZmb1I0TGNxeUVPZStVaEtjZTd1WGptV1RQUmcrQVo4NjFISkE5a1UKWTFaOGgxWmJIZmEzVUFyRFF1WDMrMnJRdjNPcTZEaGE4NzlYSWNseFdxN1krM2JWMmNMV3Rnd1J4UStuaUk4bQo3WFljNjNVTGY2WGhXcEhocE9LWnBrVEJFQVdIb2tZdDEzTnJNS0RDNHFNbS9MN2t4ZVZQNFpqY01uWmdxSEw4CnRMSlpWVHVXQzdiR2lLdGxqNzBpOXBlaEtySi91L25hcnRsZCtFdENXQlBwdzZpMHZQU2xNT3g5RThPdEpJMWcKVk9wdlBtRDN6VkVLZlpwVCtZbFA0anNqVXBEczlUWkpTYTJINHcrVmZKY0NBd0VBQWFOQ01FQXdEZ1lEVlIwUApBUUgvQkFRREFnS2tNQThHQTFVZEV3RUIvd1FGTUFNQkFmOHdIUVlEVlIwT0JCWUVGSUZSekducGdRMHZKWEg4CmRuSDlIZkMzanNWTU1BMEdDU3FHU0liM0RRRUJDd1VBQTRJQ0FRQ1hpaXIzU1gxUHg1VkQwTlRySGsrSWZpZHkKbGRITGR3Q0dKNTE5YlFlZmwxVVRCK1V0VUY5WVJkMERYK2hCbUVmdWxuR0VzdzdZLzBZeFdMaHh1eFppbVk5MwpLZFZ6M3dpWklOY2dZYUZKdmxrZzRkeWxyQUwrT1hmYWZ6dHBsNG5FT1pUbW9qb2FtdlpHNUJVZUpic0djRUxBClJWUE96T1pEbm9ObzB4ZUZFYmdCY1JOL0I1cWZFNGZMVlp3dWdqY2kwMVBYUFAvc0Y2MEVoUllEaEZnM3ZBa0MKaVRPN1JFNTJmTkpWTVZXeXdMWnBSejJ6a0FYVWJJREExdnVWdkRXTTRyd2k2MU5GK05mOGsrNmxKQWp6UUc0UgpKdHdITkNVdUJxcWFrMG1yc09UOFRiNnRiZjluL0hJS0Q4bFNnZEFEanB0cUwyTWVyZytrQTRMcmRZanY2N0drCnZpNEorQW1FbGF5VUhra1dlQ2tDdzNBQXF4bFpRcjhrMEZyamhXUzYrS2RvMW5hTFVucUVVbnMxa1JIcmZsNmwKREFZbUhndUxKV3N6VkowSHhZTEZDRlY2VndEcEtyRnRCUVpMNkJRQW40clRrZy9LdTRtTEdCRmhaUlFROHFMSgpwcGlvL3NTcENCSmtLMkowbDJYbGtReUEyZmJsUUZaY2pFbWNZNCtPazZoM0dKRzNUZ2k3bjB4OXBLNWpoRGZ3ClIvbkNLV0NxU1F2RFVSWHNYenRTd2g0M0FRdWduc2JFRCttYkhPZFNkMHNVblF2OVppVks3bGdrNVV0bDBOWTAKRVh2Zmp5WDVNM1VwWXJSVUF0M3BHNnhGZ2FsTFhNaXo3Uzl1aUwxd29kWjJMYVF1Ti92OWxaalNEakdJYjJoQQpjSWlOOVowMm1DdlplUVJwNXc9PQotLS0tLUVORCBDRVJUSUZJQ0FURS0tLS0tCg==\n    server: https://flixtube-3fa11dad.hcp.southeastasia.azmk8s.io:443\n  name: flixtube\ncontexts:\n- context:\n    cluster: flixtube\n    user: clusterUser_flixtube_flixtube\n  name: flixtube\ncurrent-context: flixtube\nkind: Config\npreferences: {}\nusers:\n- name: clusterUser_flixtube_flixtube\n  user:\n    client-certificate-data: LS0tLS1CRUdJTiBDRVJUSUZJQ0FURS0tLS0tCk1JSUZIakNDQXdhZ0F3SUJBZ0lSQUpIcEg4L3M5cGR5YXg5NHVzczhVakl3RFFZSktvWklodmNOQVFFTEJRQXcKRFRFTE1Ba0dBMVVFQXhNQ1kyRXdIaGNOTWpNd01qRTBNRFF5TkRNMVdoY05NalV3TWpFME1EUXpORE0xV2pBdwpNUmN3RlFZRFZRUUtFdzV6ZVhOMFpXMDZiV0Z6ZEdWeWN6RVZNQk1HQTFVRUF4TU1iV0Z6ZEdWeVkyeHBaVzUwCk1JSUNJakFOQmdrcWhraUc5dzBCQVFFRkFBT0NBZzhBTUlJQ0NnS0NBZ0VBcjZpbkNacFB2S3R2T2RreGZPbGoKdFMrMDlremw4WW1ESnJ3ZGFzY2lKYkZnWFpyTUFzWGtLeVF6bWtPSWVuaTFHSVlBUjR5SWY4L3ZTV0lTRTh6TApRSk1tMjlwcmpGeEdZMzQ4Qzd0QVJPWi96Y1JsVVJiV0YwcVRiNTFQREVsdWJvQTQzWXUvQjVLeWNQdU15QWNvCjgwRnNBU2VUNjNJaGZuMTN3VGVRUEFuUXBRTVRvc3ptNUhTZURKU09pNUVTTkxKM1ZPT204ZUdEVmRWYTRrZUsKSVpBWHhjNVJTdkdSWkVoTmhUaW05YzVzeFp6TzNtU1Z4QjhlUXY2Zk1RdklRczJqalRPTHNwemdHdm9PK3dIcApQZlhyNGZjOUIwOTgxTE44VXlFaUpxRVAyTTJOOVNwVkt5TzJrNkNVUWxZaG1Hd3RyV2xsaUllTWVJeGsyUWhNCmNrdC9BNW1tZGhUREtBK1J5TzFhMjEwVFgxdVRKa0FjZ2xHRWMxaGVnMjkxSlh0a0F4MUFFeERjc1JKN0EyYXQKT0VrMGw1RTBtNFFwQnl5c2c4UXdPOE1wbjVaeDFKVzgvRlpaMDJobEtDT25jNFVDd0Q1cnlhTE4wK0NnSjZQMwpHWU52RlhERU9LV3M2OWdrdEp5VWNTODhaemhFNnZoUVdlNWFpZEUyQ3BEZkd3anhvS3ZMa1ZiTFF4WUZGbHVnCmJHeDRGc2NVSzFoZkNOVEVSeWY3TmRJL0UyWlVFZ0pBd2dKaTJJL2NkcXNWUHV2TTk2NEs0ZzNoenIxUjZyNDgKSDN6c1p1UEM3Z2xKTU9ydk1zS3VCd0EwNGMxUCtmeHBCbHAxb3VaemVSSDhrK29kTU1yV0FrckQxdStaOWRLdQpTWjVsdmIvcUV4Q3BLVXAwSm1UenZKVUNBd0VBQWFOV01GUXdEZ1lEVlIwUEFRSC9CQVFEQWdXZ01CTUdBMVVkCkpRUU1NQW9HQ0NzR0FRVUZCd01DTUF3R0ExVWRFd0VCL3dRQ01BQXdId1lEVlIwakJCZ3dGb0FVZ1ZITWFlbUIKRFM4bGNmeDJjZjBkOExlT3hVd3dEUVlKS29aSWh2Y05BUUVMQlFBRGdnSUJBTVFadVpJN1VUVnVVK1N2aUs5bAowR0JxRnpjcElJbVNOdE1va3pad3JnZ0c5b0VYUlRPRE11bTJBNVBjNzVEZWRneW82Ylh6UEVUTDVvVVVlVjdlCnkrcG1SVlVMTFJjelRKYlNTWDl2c0Vtd056M3dpWkpaSVdyYUNYNzNUclJYTXpvVHNoeGZISTBpTnpkbUdaNEMKR2Q0MUhJNDQwZVFmTXc1Y0FRV25UWHhScWp0dzZPUTRncXFvS0pJQklYcjBiZ2N6anZyalRxdmU4UXErT3A4YwpCYm1NVXBZZDhncWVhL0xZcm05S3hCQ3IrNThCVHlkZjJlcnZZbWxxZUE3ZE81emNSREN2QXlrS0VidHFsSTVMCm54d2xaaHFVWjRjQzBTRkRBS2F0SDZLUFdTY0JHZnJNdlJaVnd2VWtCMVkyYzdGVTRickZYaGFYOWVKckQzSGoKeUh3MGZ5bXQ2ZHlhLzVWM25oaW9RQnBFcEU1YjVGQlk0VkZheU96eXVOTGxnRUVKcVBnaWk0Nk91QnhoVjlBMwp3RzEyemNEUnJ0a2drZ1VwVGoycjIyWURMNjBMYnl6NFNITnRnUjg0aHZXdFhzbmg4WkFGOU5FNis4RndrWkdaCjRwanREV2dqMmVXQ29hUXZzTlJoRVFxVkNBcW51Y05wRUFRYTVaTmlQa3A2KzlYeUVyQUpJd0xtamVGL2xmK1MKT2NLaEg1U1JnNU85dE12OEhFMWdtVUt3RzhhVkJNN0FValplMk9Tb2pCejF2U1pwVGhZQkowNkMrVmFLWVZRTgpGVVlRd2xnKzZiZzVHZjN2WFNTZTVRc3VBenpxZHNwZkZMSUdjQjE0c1N2QWVMcmdSNUtHUGU5QTRRek5YbHZMCmtlaTlTU2UvTS9UQWY5VTlkOXh0WFU5SwotLS0tLUVORCBDRVJUSUZJQ0FURS0tLS0tCg==\n    client-key-data: LS0tLS1CRUdJTiBSU0EgUFJJVkFURSBLRVktLS0tLQpNSUlKS0FJQkFBS0NBZ0VBcjZpbkNacFB2S3R2T2RreGZPbGp0UyswOWt6bDhZbURKcndkYXNjaUpiRmdYWnJNCkFzWGtLeVF6bWtPSWVuaTFHSVlBUjR5SWY4L3ZTV0lTRTh6TFFKTW0yOXByakZ4R1kzNDhDN3RBUk9aL3pjUmwKVVJiV0YwcVRiNTFQREVsdWJvQTQzWXUvQjVLeWNQdU15QWNvODBGc0FTZVQ2M0loZm4xM3dUZVFQQW5RcFFNVApvc3ptNUhTZURKU09pNUVTTkxKM1ZPT204ZUdEVmRWYTRrZUtJWkFYeGM1UlN2R1JaRWhOaFRpbTljNXN4WnpPCjNtU1Z4QjhlUXY2Zk1RdklRczJqalRPTHNwemdHdm9PK3dIcFBmWHI0ZmM5QjA5ODFMTjhVeUVpSnFFUDJNMk4KOVNwVkt5TzJrNkNVUWxZaG1Hd3RyV2xsaUllTWVJeGsyUWhNY2t0L0E1bW1kaFRES0ErUnlPMWEyMTBUWDF1VApKa0FjZ2xHRWMxaGVnMjkxSlh0a0F4MUFFeERjc1JKN0EyYXRPRWswbDVFMG00UXBCeXlzZzhRd084TXBuNVp4CjFKVzgvRlpaMDJobEtDT25jNFVDd0Q1cnlhTE4wK0NnSjZQM0dZTnZGWERFT0tXczY5Z2t0SnlVY1M4OFp6aEUKNnZoUVdlNWFpZEUyQ3BEZkd3anhvS3ZMa1ZiTFF4WUZGbHVnYkd4NEZzY1VLMWhmQ05URVJ5ZjdOZEkvRTJaVQpFZ0pBd2dKaTJJL2NkcXNWUHV2TTk2NEs0ZzNoenIxUjZyNDhIM3pzWnVQQzdnbEpNT3J2TXNLdUJ3QTA0YzFQCitmeHBCbHAxb3VaemVSSDhrK29kTU1yV0FrckQxdStaOWRLdVNaNWx2Yi9xRXhDcEtVcDBKbVR6dkpVQ0F3RUEKQVFLQ0FnQVhlS3loTHRwYXRubU5QRVZOa0kzL0p0bkNVM0lpUFNLbUtWcXc2dHpZTm9STzNhRkcrWlJNWTNEMQp1dkpna3dKM3ZXZ0tKM0FSekFJSVJ5OXRMOTgweUxUWGlhNzNPVms2Y0NLcjJxQnkxRzNkVzlIQjdSQThXbjJxCjIxVTFxaFkwYzdPbGZzZk94ajVMdElFU05VcTJmbFpsTFJtcHl6MUlmcEZpNHY3RjF2WG5KcXNZQk5NUlViZlEKcklVRGh5WHNuckF0U3FJRERnUVRrd2VxMXE1Ulg4U2RiTDBXQzRORzZCWmJwNzgvZHc2M3RRVTdXQ3RlNGwyVAp6QndQWEtpc3JIZWZKWFVVTDd3T1ByMkRzclNzejlCdUNEQkNhcytlU0VGamhqamUrb1I0anJiYVBJYlcxZFhPCmtoVmRhODdmWkEwU2I5UGVVMlprc1RYRWZrUmdoRzBoS0psVStHRXA3QlFQQXV4VEZZN3UvS2VTdWQ2QWxtZ0oKWHorZy93TnZ1aTR0WUtyVFB3eWprYW14WGkvcUxvSHVxYndyUHpTdE81Mk9RVTMvTkJZK2FZUEVRQXdaY051WApLNUMzOCs2Y3FGK2lvdmdQWitvY1FiNDNCOEVvZS92V1JzT2VKTUhBMWhpVTJtTlZRQ0hOWHBLdzZiMVM5SG9NCnlONXNXRE9mWWhZVTNNckplN1RHeTlyZDY1SVo2WnNFV2x4OVdVR0QrbXZ5TVZsOHZGZmhtUXFWcjlMRno2YzMKVmpPYmFIMERVZUNUQytTa21mMldrZ0Jmckx0ZmNXanZuaFRrMW1NN1c3RHNmOWdESXBab0xNaW5JWFlrK3o1SApjRktnU2xGa1pQZjZLMUEybzZnUVNsa2JpYzZHZ2dtdVlxZlM2VE5DWGdYdndKZ0czUUtDQVFFQXdsMTF2bzRWCk4rbFZiQmxWMk1CVXN4OTVjSWMyejMxYTZLRkk0V3ZjdnpyMDMwUERuMVJzdDFLQzgvK0VPb291M24xeFFnZGYKaUltVTlMQXM1bFpSazg1MDB0d3N4WG1HblMweHlXOGQ0bzVEUTZtbTBWS0R0L05zVHYzNUtlOXl2d0ZDcDVUegovTXFmYkFLb2tkWVAzMFVwNW1wamZnbDRBMlRMRzhWYzREeDdFV0I0OC9jQmJLUHlRNjNLSkZVczdKa0lNTnNmCldSQlN0UFFzMDRwZ3NvVE1nQWRObTJHZzlIcFcweW1OVkt1a2dwTldUdGlEZUZ2dXQrOGZCREhMdWEyZzV2eVcKM3pPR21nT2g2RXh1dURtTnBaSnBJNEZGRXNNZkRFcWtQTFdGWjQ1dXZHRUxSK0lKcUF4QkRQa3hPMldKMjNveAo4c2JQRytZaWJMT1hPd0tDQVFFQTUxeWVVb2V2RWtsSVJLTUM0Y0djZ1VKQ0JEclFyRTl6Q2tUSXExMHIrYnpRCldyUWdFZlJPTnJKTXprSGdTbHMybVpMbEVidDFBY3NieTVCYWhtQmdEWlA3bmZTZEZ4WXhGVzltZ1hldE5xVTYKN1E3OXo5UjVvZlZTNTZlWXJ3M3VBWDBwMnd5djkwTS80ckZoc3FDd2J6Nk9JOTMrYXM0bjhFQklqRnhUVnVONgpQQnRKUUw0RHorVGh4ZnduUisxa3dIcmZ4Y0x6Y3NqbTFGemY2WU5Wd2VZREt0R0dqMzQ2MnZQM2VueHVZS2xICnAwcWVEZ1lRM0xzWDVoUUZNbnRsODlJVTNBd1lOMFJiNmRWdUtNenBud1ltOUV0TEpwSkRObmlWUWdadlAxalAKV3NKMzhMNkV0Z2tCZ2hqY3RVYXpDOHA4NkkySStldjBIbG14a3REZWJ3S0NBUUF2elRpR0V2K1k3cVA1b0FtQwo4MXBoYTE0OGxLU2dSeDR5bEdnT09LN2p3U1kwT3NCRDBVbWpsSUZzYk8waVVKWFNWbHVpZDVuQlJNVURvTWlLCkpiU09lM296MmI2UkdxQkd5N1N3NjhrWHpSRXg5T2w0RmFrYmRweXVtTHZNMm4wSUNORlIwY3BuNDVWdHhRR2MKVEY4KzlBMm9BNFpRbXhlUERoejl5WDVjRDhQY3RETkxIUGFXdDROL3JhQkhhME5QTlJ2VW1DK1BnZm8xVXRBcgpmcDdsaU0rYXRURWJBOW5JQnNhUHpHcGI1cExoSWtkWndOb2tvY2VHS1NNaHJ2V0J4dmdKbHhtcjcwb3RXck5aCkpHTWVuOWo4WFpQS0RhTGxTR084YkNjVVh6aGVEYU9pWk9PWFhEb3Z3RVBIWXduK3A2eE45REdRbWVDWjVmR1YKZGwyOUFvSUJBUURpUTV6K2YzM0M5M0k2MWVVeW5lT09NaHRZQWFFa2N3ckJ4eVV0R2hDd3kyeEUySlhvbVRHSQpvblVrM2g0WStmMTYwY00reFVLWC8yZnVlLzFjSDVLd2xNSGw1MTFlUDdDL0V0Ui8xMmZKNG11dmZSTFNGeXpoCkxJZm96K290Z1FUNzVjbHlWWVVkMzJIeU5LR2tUU3hmanlENWlOaVE0WThEa2dxaFlvV0tteXRtN3hTRHdaRCsKMXd2S1VXQ2xJbEIvUVd2by8xQ1JPRk11NnFsOHVKbTg2RksrcEd6aGxvUytyd3VmZVdPRkd1aGRma2IyMWczVgpvUSt0VG5VS3VzMnBWeEpaWldhbFhqQTVqaWFPdGwvZnl1ZDcwTXJ0TE91WXNQTGZ3R1U1NFlQZ2NnRlVxeTRrCnpNZngwSmpBbkNUc2Fob2dZSkxPUUdqYzZjRVZJVG4zQW9JQkFBMjVhMGNBSU9NVjhwb0IxUTVQcUdkc2NFREkKenpxbThLMjRhUTZwMHk0WVl6Z0pNckVZUUUxVDVnMW5pU0VkbUVEME11SUhoRHJEaFViRys3TGhWOS9yWXpPVApRaXlZTWVGQ0tzNWtzcXlWeWRKS1JOS0dqNld5dk1BWWw3V21scS9BeDJ4YzdrazNad3dlaWEyNXM1WkFuL3psClJ5ZjdUblcxSitWOE1RaDdURVkwcTkzUDJSR2tqYlAvY2psaDBJV1FBYkgrLzIxMHJIcTJQUjRnNUwzQWpRUDMKeGp5aDR6bVEyazlHK3IzRzZWYjZGZE0wanZWWGNUdXFZcDhkZDVrdFpPSjluZ0VCa3o0TjhKNmFlc1lFWDlzSApTU2E5SjQxZU5jZ1puZjYzTkpLT1o4NDNjUGZ6cld4QWZhRTBGMnJMWWw0aG4xOEIzeXBaa0ovck0zcz0KLS0tLS1FTkQgUlNBIFBSSVZBVEUgS0VZLS0tLS0K\n    token: 9532e386195667a192bbc069e5dad8eb3127a2be26c5a26663435e383ed467ddbd9efffc38d15b8f6fe4994749b839e1285d4713feb69143ef07a9a879b22678\n",
            "kubelet_identity": [],
            "kubernetes_version": "1.25.4",
            "linux_profile": [
              {
                "admin_username": "linux_admin",
                "ssh_key": [
                  {
                    "key_data": "ssh-rsa AAAAB3NzaC1yc2EAAAADAQABAAABAQC2KYBH7gZc9scLL7B5YbpsZWiyiTH3H1/r7NTOWpz6s2I8/NXCCE/uLMHDRCmEoY3CZzAlMdHSNDxQ9tA++AVmwjbSV0jtwW4zd7xb1UD22JxGammlA+lGRWMAhWPg8Vcfk876pQMPtJXSoOJje71v2eC17FHmhOWZ/tvhiEwQvdsEKqyalzeuJP4Go5f37LLGEsWTwLBCAOCPup+pj0AqxJecSbS6Mw1ZIKKq45/xU0V7NEmGYgGtXJpVFB7oHoextxkY2+wjUQVvQuYgZyKyp1nxI4eIXieyhqW/r4VxPxWOWTMqfr6lx3yWskpwwJaYnXbTIjnGUVrYH/WG/kB3 linux_admin@azure.com"
                  }
                ]
              }
            ],
            "local_account_disabled": false,
            "location": "southeastasia",
            "maintenance_window": [],
            "microsoft_defender": [],
            "monitor_metrics": [],
            "name": "flixtube",
            "network_profile": [
              {
                "dns_service_ip": "10.0.0.10",
                "docker_bridge_cidr": "172.17.0.1/16",
                "ebpf_data_plane": "",
                "ip_versions": [
                  "IPv4"
                ],
                "load_balancer_profile": [
                  {
                    "effective_outbound_ips": [
                      "/subscriptions/b9f49c1d-b9ca-4e85-b216-4283d9640811/resourceGroups/MC_flixtube_flixtube_southeastasia/providers/Microsoft.Network/publicIPAddresses/64e9d62e-305e-41d9-9400-1797d693738a"
                    ],
                    "idle_timeout_in_minutes": 0,
                    "managed_outbound_ip_count": 1,
                    "managed_outbound_ipv6_count": 0,
                    "outbound_ip_address_ids": [],
                    "outbound_ip_prefix_ids": [],
                    "outbound_ports_allocated": 0
                  }
                ],
                "load_balancer_sku": "standard",
                "nat_gateway_profile": [],
                "network_mode": "",
                "network_plugin": "kubenet",
                "network_plugin_mode": "",
                "network_policy": "",
                "outbound_type": "loadBalancer",
                "pod_cidr": "10.244.0.0/16",
                "pod_cidrs": [
                  "10.244.0.0/16"
                ],
                "service_cidr": "10.0.0.0/16",
                "service_cidrs": [
                  "10.0.0.0/16"
                ]
              }
            ],
            "node_resource_group": "MC_flixtube_flixtube_southeastasia",
            "oidc_issuer_enabled": false,
            "oidc_issuer_url": "",
            "oms_agent": [],
            "open_service_mesh_enabled": null,
            "portal_fqdn": "flixtube-3fa11dad.portal.hcp.southeastasia.azmk8s.io",
            "private_cluster_enabled": false,
            "private_cluster_public_fqdn_enabled": false,
            "private_dns_zone_id": null,
            "private_fqdn": "",
            "public_network_access_enabled": true,
            "resource_group_name": "flixtube",
            "role_based_access_control_enabled": true,
            "run_command_enabled": true,
            "service_principal": [
              {
                "client_id": "b8611720-f9a0-4cb9-bb6e-e9a33bf43012",
                "client_secret": "ON68Q~6sVEaqJToyjp_BSRCdXk903VK.2rIaDbH5"
              }
            ],
            "sku_tier": "Free",
            "storage_profile": [],
            "tags": {},
            "timeouts": null,
            "web_app_routing": [],
            "windows_profile": [],
            "workload_autoscaler_profile": [],
            "workload_identity_enabled": false
          },
          "sensitive_attributes": [],
          "private": "eyJlMmJmYjczMC1lY2FhLTExZTYtOGY4OC0zNDM2M2JjN2M0YzAiOnsiY3JlYXRlIjo1NDAwMDAwMDAwMDAwLCJkZWxldGUiOjU0MDAwMDAwMDAwMDAsInJlYWQiOjMwMDAwMDAwMDAwMCwidXBkYXRlIjo1NDAwMDAwMDAwMDAwfSwic2NoZW1hX3ZlcnNpb24iOiIyIn0=",
          "dependencies": [
            "azurerm_resource_group.flixtube",
            "tls_private_key.key"
          ]
        }
      ]
    },
    {
      "mode": "managed",
      "type": "azurerm_resource_group",
      "name": "flixtube",
      "provider": "provider[\"registry.terraform.io/hashicorp/azurerm\"]",
      "instances": [
        {
          "schema_version": 0,
          "attributes": {
            "id": "/subscriptions/b9f49c1d-b9ca-4e85-b216-4283d9640811/resourceGroups/flixtube",
            "location": "southeastasia",
            "name": "flixtube",
            "tags": {},
            "timeouts": null
          },
          "sensitive_attributes": [],
          "private": "eyJlMmJmYjczMC1lY2FhLTExZTYtOGY4OC0zNDM2M2JjN2M0YzAiOnsiY3JlYXRlIjo1NDAwMDAwMDAwMDAwLCJkZWxldGUiOjU0MDAwMDAwMDAwMDAsInJlYWQiOjMwMDAwMDAwMDAwMCwidXBkYXRlIjo1NDAwMDAwMDAwMDAwfX0="
        }
      ]
    },
    {
      "mode": "managed",
      "type": "kubernetes_deployment",
      "name": "database",
      "provider": "provider[\"registry.terraform.io/hashicorp/kubernetes\"]",
      "instances": [
        {
          "schema_version": 1,
          "attributes": {
            "id": "default/database",
            "metadata": [
              {
                "annotations": {},
                "generate_name": "",
                "generation": 1,
                "labels": {
                  "pod": "database"
                },
                "name": "database",
                "namespace": "default",
                "resource_version": "1439",
                "uid": "def611ee-0d27-4826-ba68-74c3d91768e1"
              }
            ],
            "spec": [
              {
                "min_ready_seconds": 0,
                "paused": false,
                "progress_deadline_seconds": 600,
                "replicas": "1",
                "revision_history_limit": 10,
                "selector": [
                  {
                    "match_expressions": [],
                    "match_labels": {
                      "pod": "database"
                    }
                  }
                ],
                "strategy": [
                  {
                    "rolling_update": [
                      {
                        "max_surge": "25%",
                        "max_unavailable": "25%"
                      }
                    ],
                    "type": "RollingUpdate"
                  }
                ],
                "template": [
                  {
                    "metadata": [
                      {
                        "annotations": {},
                        "generate_name": "",
                        "generation": 0,
                        "labels": {
                          "pod": "database"
                        },
                        "name": "",
                        "namespace": "",
                        "resource_version": "",
                        "uid": ""
                      }
                    ],
                    "spec": [
                      {
                        "active_deadline_seconds": 0,
                        "affinity": [],
                        "automount_service_account_token": true,
                        "container": [
                          {
                            "args": [],
                            "command": [],
                            "env": [],
                            "env_from": [],
                            "image": "mongo:3.4",
                            "image_pull_policy": "IfNotPresent",
                            "lifecycle": [],
                            "liveness_probe": [],
                            "name": "database",
                            "port": [
                              {
                                "container_port": 27017,
                                "host_ip": "",
                                "host_port": 0,
                                "name": "",
                                "protocol": "TCP"
                              }
                            ],
                            "readiness_probe": [],
                            "resources": [
                              {
                                "limits": {},
                                "requests": {}
                              }
                            ],
                            "security_context": [],
                            "startup_probe": [],
                            "stdin": false,
                            "stdin_once": false,
                            "termination_message_path": "/dev/termination-log",
                            "termination_message_policy": "File",
                            "tty": false,
                            "volume_mount": [],
                            "working_dir": ""
                          }
                        ],
                        "dns_config": [],
                        "dns_policy": "ClusterFirst",
                        "enable_service_links": true,
                        "host_aliases": [],
                        "host_ipc": false,
                        "host_network": false,
                        "host_pid": false,
                        "hostname": "",
                        "image_pull_secrets": [],
                        "init_container": [],
                        "node_name": "",
                        "node_selector": {},
                        "priority_class_name": "",
                        "readiness_gate": [],
                        "restart_policy": "Always",
                        "runtime_class_name": "",
                        "security_context": [],
                        "service_account_name": "",
                        "share_process_namespace": false,
                        "subdomain": "",
                        "termination_grace_period_seconds": 30,
                        "toleration": [],
                        "topology_spread_constraint": [],
                        "volume": []
                      }
                    ]
                  }
                ]
              }
            ],
            "timeouts": null,
            "wait_for_rollout": true
          },
          "sensitive_attributes": [],
          "private": "eyJlMmJmYjczMC1lY2FhLTExZTYtOGY4OC0zNDM2M2JjN2M0YzAiOnsiY3JlYXRlIjo2MDAwMDAwMDAwMDAsImRlbGV0ZSI6NjAwMDAwMDAwMDAwLCJ1cGRhdGUiOjYwMDAwMDAwMDAwMH0sInNjaGVtYV92ZXJzaW9uIjoiMSJ9",
          "dependencies": [
            "azurerm_kubernetes_cluster.cluster",
            "azurerm_resource_group.flixtube",
            "tls_private_key.key"
          ]
        }
      ]
    },
    {
      "mode": "managed",
      "type": "kubernetes_deployment",
      "name": "rabbit",
      "provider": "provider[\"registry.terraform.io/hashicorp/kubernetes\"]",
      "instances": [
        {
          "schema_version": 1,
          "attributes": {
            "id": "default/rabbit",
            "metadata": [
              {
                "annotations": {},
                "generate_name": "",
                "generation": 1,
                "labels": {
                  "pod": "rabbit"
                },
                "name": "rabbit",
                "namespace": "default",
                "resource_version": "1376",
                "uid": "330a9c5a-cc75-4402-abf6-9c312d023dc8"
              }
            ],
            "spec": [
              {
                "min_ready_seconds": 0,
                "paused": false,
                "progress_deadline_seconds": 600,
                "replicas": "1",
                "revision_history_limit": 10,
                "selector": [
                  {
                    "match_expressions": [],
                    "match_labels": {
                      "pod": "rabbit"
                    }
                  }
                ],
                "strategy": [
                  {
                    "rolling_update": [
                      {
                        "max_surge": "25%",
                        "max_unavailable": "25%"
                      }
                    ],
                    "type": "RollingUpdate"
                  }
                ],
                "template": [
                  {
                    "metadata": [
                      {
                        "annotations": {},
                        "generate_name": "",
                        "generation": 0,
                        "labels": {
                          "pod": "rabbit"
                        },
                        "name": "",
                        "namespace": "",
                        "resource_version": "",
                        "uid": ""
                      }
                    ],
                    "spec": [
                      {
                        "active_deadline_seconds": 0,
                        "affinity": [],
                        "automount_service_account_token": true,
                        "container": [
                          {
                            "args": [],
                            "command": [],
                            "env": [],
                            "env_from": [],
                            "image": "rabbitmq:3.8.1-management",
                            "image_pull_policy": "IfNotPresent",
                            "lifecycle": [],
                            "liveness_probe": [],
                            "name": "rabbit",
                            "port": [
                              {
                                "container_port": 5672,
                                "host_ip": "",
                                "host_port": 0,
                                "name": "",
                                "protocol": "TCP"
                              }
                            ],
                            "readiness_probe": [],
                            "resources": [
                              {
                                "limits": {},
                                "requests": {}
                              }
                            ],
                            "security_context": [],
                            "startup_probe": [],
                            "stdin": false,
                            "stdin_once": false,
                            "termination_message_path": "/dev/termination-log",
                            "termination_message_policy": "File",
                            "tty": false,
                            "volume_mount": [],
                            "working_dir": ""
                          }
                        ],
                        "dns_config": [],
                        "dns_policy": "ClusterFirst",
                        "enable_service_links": true,
                        "host_aliases": [],
                        "host_ipc": false,
                        "host_network": false,
                        "host_pid": false,
                        "hostname": "",
                        "image_pull_secrets": [],
                        "init_container": [],
                        "node_name": "",
                        "node_selector": {},
                        "priority_class_name": "",
                        "readiness_gate": [],
                        "restart_policy": "Always",
                        "runtime_class_name": "",
                        "security_context": [],
                        "service_account_name": "",
                        "share_process_namespace": false,
                        "subdomain": "",
                        "termination_grace_period_seconds": 30,
                        "toleration": [],
                        "topology_spread_constraint": [],
                        "volume": []
                      }
                    ]
                  }
                ]
              }
            ],
            "timeouts": null,
            "wait_for_rollout": true
          },
          "sensitive_attributes": [],
          "private": "eyJlMmJmYjczMC1lY2FhLTExZTYtOGY4OC0zNDM2M2JjN2M0YzAiOnsiY3JlYXRlIjo2MDAwMDAwMDAwMDAsImRlbGV0ZSI6NjAwMDAwMDAwMDAwLCJ1cGRhdGUiOjYwMDAwMDAwMDAwMH0sInNjaGVtYV92ZXJzaW9uIjoiMSJ9",
          "dependencies": [
            "azurerm_kubernetes_cluster.cluster",
            "azurerm_resource_group.flixtube",
            "tls_private_key.key"
          ]
        }
      ]
    },
    {
      "mode": "managed",
      "type": "kubernetes_service",
      "name": "database",
      "provider": "provider[\"registry.terraform.io/hashicorp/kubernetes\"]",
      "instances": [
        {
          "schema_version": 1,
          "attributes": {
            "id": "default/db",
            "metadata": [
              {
                "annotations": {},
                "generate_name": "",
                "generation": 0,
                "labels": {},
                "name": "db",
                "namespace": "default",
                "resource_version": "1454",
                "uid": "92418adc-2765-4bd4-94e6-8be26a71863d"
              }
            ],
            "spec": [
              {
                "allocate_load_balancer_node_ports": true,
                "cluster_ip": "10.0.239.210",
                "cluster_ips": [
                  "10.0.239.210"
                ],
                "external_ips": [],
                "external_name": "",
                "external_traffic_policy": "",
                "health_check_node_port": 0,
                "internal_traffic_policy": "Cluster",
                "ip_families": [
                  "IPv4"
                ],
                "ip_family_policy": "SingleStack",
                "load_balancer_class": "",
                "load_balancer_ip": "",
                "load_balancer_source_ranges": [],
                "port": [
                  {
                    "app_protocol": "",
                    "name": "",
                    "node_port": 0,
                    "port": 27017,
                    "protocol": "TCP",
                    "target_port": "27017"
                  }
                ],
                "publish_not_ready_addresses": false,
                "selector": {
                  "pod": "database"
                },
                "session_affinity": "None",
                "session_affinity_config": [],
                "type": "ClusterIP"
              }
            ],
            "status": [
              {
                "load_balancer": [
                  {
                    "ingress": []
                  }
                ]
              }
            ],
            "timeouts": null,
            "wait_for_load_balancer": true
          },
          "sensitive_attributes": [],
          "private": "eyJlMmJmYjczMC1lY2FhLTExZTYtOGY4OC0zNDM2M2JjN2M0YzAiOnsiY3JlYXRlIjo2MDAwMDAwMDAwMDB9LCJzY2hlbWFfdmVyc2lvbiI6IjEifQ==",
          "dependencies": [
            "azurerm_kubernetes_cluster.cluster",
            "azurerm_resource_group.flixtube",
            "kubernetes_deployment.database",
            "tls_private_key.key"
          ]
        }
      ]
    },
    {
      "mode": "managed",
      "type": "kubernetes_service",
      "name": "rabbit",
      "provider": "provider[\"registry.terraform.io/hashicorp/kubernetes\"]",
      "instances": [
        {
          "schema_version": 1,
          "attributes": {
            "id": "default/rabbit",
            "metadata": [
              {
                "annotations": {},
                "generate_name": "",
                "generation": 0,
                "labels": {},
                "name": "rabbit",
                "namespace": "default",
                "resource_version": "1408",
                "uid": "87eae49f-324c-4ddc-bd5a-7cf080b4a9fd"
              }
            ],
            "spec": [
              {
                "allocate_load_balancer_node_ports": true,
                "cluster_ip": "10.0.25.196",
                "cluster_ips": [
                  "10.0.25.196"
                ],
                "external_ips": [],
                "external_name": "",
                "external_traffic_policy": "",
                "health_check_node_port": 0,
                "internal_traffic_policy": "Cluster",
                "ip_families": [
                  "IPv4"
                ],
                "ip_family_policy": "SingleStack",
                "load_balancer_class": "",
                "load_balancer_ip": "",
                "load_balancer_source_ranges": [],
                "port": [
                  {
                    "app_protocol": "",
                    "name": "",
                    "node_port": 0,
                    "port": 5672,
                    "protocol": "TCP",
                    "target_port": "5672"
                  }
                ],
                "publish_not_ready_addresses": false,
                "selector": {
                  "pod": "rabbit"
                },
                "session_affinity": "None",
                "session_affinity_config": [],
                "type": "ClusterIP"
              }
            ],
            "status": [
              {
                "load_balancer": [
                  {
                    "ingress": []
                  }
                ]
              }
            ],
            "timeouts": null,
            "wait_for_load_balancer": true
          },
          "sensitive_attributes": [],
          "private": "eyJlMmJmYjczMC1lY2FhLTExZTYtOGY4OC0zNDM2M2JjN2M0YzAiOnsiY3JlYXRlIjo2MDAwMDAwMDAwMDB9LCJzY2hlbWFfdmVyc2lvbiI6IjEifQ==",
          "dependencies": [
            "azurerm_kubernetes_cluster.cluster",
            "azurerm_resource_group.flixtube",
            "kubernetes_deployment.rabbit",
            "tls_private_key.key"
          ]
        }
      ]
    },
    {
      "mode": "managed",
      "type": "tls_private_key",
      "name": "key",
      "provider": "provider[\"registry.terraform.io/hashicorp/tls\"]",
      "instances": [
        {
          "schema_version": 1,
          "attributes": {
            "algorithm": "RSA",
            "ecdsa_curve": "P224",
            "id": "fab22d0e6b488d5c4addbb903adf1f11cc39c7ef",
            "private_key_openssh": "-----BEGIN OPENSSH PRIVATE KEY-----\nb3BlbnNzaC1rZXktdjEAAAAABG5vbmUAAAAEbm9uZQAAAAAAAAABAAABFwAAAAdz\nc2gtcnNhAAAAAwEAAQAAAQEAtimAR+4GXPbHCy+weWG6bGVosokx9x9f6+zUzlqc\n+rNiPPzVwghP7izBw0QphKGNwmcwJTHR0jQ8UPbQPvgFZsI20ldI7cFuM3e8W9VA\n9ticRmpppQPpRkVjAIVj4PFXH5PO+qUDD7SV0qDiY3u9b9ngtexR5oTlmf7b4YhM\nEL3bBCqsmpc3riT+BqOX9+yyxhLFk8CwQgDgj7qfqY9AKsSXnEm0ujMNWSCiquOf\n8VNFezRJhmIBrVyaVRQe6B6HsbcZGNvsI1EFb0LmIGcisqdZ8SOHiF4nsoalv6+F\ncT8VjlkzKn6+pcd8lrJKcMCWmJ120yI5xlFa2B/1hv5AdwAAA7jbMKbb2zCm2wAA\nAAdzc2gtcnNhAAABAQC2KYBH7gZc9scLL7B5YbpsZWiyiTH3H1/r7NTOWpz6s2I8\n/NXCCE/uLMHDRCmEoY3CZzAlMdHSNDxQ9tA++AVmwjbSV0jtwW4zd7xb1UD22JxG\nammlA+lGRWMAhWPg8Vcfk876pQMPtJXSoOJje71v2eC17FHmhOWZ/tvhiEwQvdsE\nKqyalzeuJP4Go5f37LLGEsWTwLBCAOCPup+pj0AqxJecSbS6Mw1ZIKKq45/xU0V7\nNEmGYgGtXJpVFB7oHoextxkY2+wjUQVvQuYgZyKyp1nxI4eIXieyhqW/r4VxPxWO\nWTMqfr6lx3yWskpwwJaYnXbTIjnGUVrYH/WG/kB3AAAAAwEAAQAAAQBhd4817Xvm\nHfyeVaP9LndLLG96p8HeUiFG4O90gjNgSL8VlsrhCQWLkNMUIdJ9Ltvk2sV+AUwd\nRunHAGioaJirRNuEbEOPQ2Itk7FrCY27BmeHncRtEMyuVs4EJ1srrrZJJRMoNUaQ\nDrXjf0XiqQDRaii77nhb+VvIq/8Gi6D3i1ccgSnfHolnvKvKNtzw08/EmCViu243\nI/jA09Tgo39w4C4Eq7/9E5HNLDvHCtMJ7Rrj8QsmgNSni+NmGf1mbp/4BMLjS5z1\na/hH5faECA0F5gDkh5mw+cCWCSVM3bJuE1je5lumV6NLYnillO1xX1v8GGHXxRwi\nZpMrme9JA7QRAAAAgQCMH9BtmGktKLuRDYDYSFLi6T2L5PHPBeCDJqyfU6XroSOI\ni9XNWA5Nz0dl78Lcs0bbkUSUOhps+ro+hBB1nD2u2+ELsKpu0FbNZ9AbbdhK1G3I\nSrBIWo3aGQUE/1F3XAvxjg9krWFFrBNWiWwXIHtwBpZz9Vb0MU4wCBgw2wYFWwAA\nAIEA1eo/rQQY0sx5AMjrHqi+h9uWlM5WXUhWlaml0S1NAychmoY2API+BS9r3pnT\nlXlic1ZwknHImYKnfE7Q61L4ZGFbZu25ImpGBoeMOk3SacL4SOPxuxOx10w/Tnog\nfeVEfNW9AC0TMTwsKY1i9oG7rCfa1UdIhKCwIVGM7Yy9a4sAAACBANoABz+nuFAD\nwAZ6Ioq+xUT50Rw8VbcTZ8zbVKT8XZImbwgW1oEnO26CwfGVV/rIEfWSm81z20dA\n2nH7AnMUVqPBKRUIHnMaFtqboDJ5MHMKnYKoiAfgtdKRv3fvJHnrGzVYO/0qVo8K\nVjAu7N2XDoNrZiYFOM4LmwW8CQfAaUxFAAAAAAEC\n-----END OPENSSH PRIVATE KEY-----\n",
            "private_key_pem": "-----BEGIN RSA PRIVATE KEY-----\nMIIEpQIBAAKCAQEAtimAR+4GXPbHCy+weWG6bGVosokx9x9f6+zUzlqc+rNiPPzV\nwghP7izBw0QphKGNwmcwJTHR0jQ8UPbQPvgFZsI20ldI7cFuM3e8W9VA9ticRmpp\npQPpRkVjAIVj4PFXH5PO+qUDD7SV0qDiY3u9b9ngtexR5oTlmf7b4YhMEL3bBCqs\nmpc3riT+BqOX9+yyxhLFk8CwQgDgj7qfqY9AKsSXnEm0ujMNWSCiquOf8VNFezRJ\nhmIBrVyaVRQe6B6HsbcZGNvsI1EFb0LmIGcisqdZ8SOHiF4nsoalv6+FcT8Vjlkz\nKn6+pcd8lrJKcMCWmJ120yI5xlFa2B/1hv5AdwIDAQABAoIBAGF3jzXte+Yd/J5V\no/0ud0ssb3qnwd5SIUbg73SCM2BIvxWWyuEJBYuQ0xQh0n0u2+TaxX4BTB1G6ccA\naKhomKtE24RsQ49DYi2TsWsJjbsGZ4edxG0QzK5WzgQnWyuutkklEyg1RpAOteN/\nReKpANFqKLvueFv5W8ir/waLoPeLVxyBKd8eiWe8q8o23PDTz8SYJWK7bjcj+MDT\n1OCjf3DgLgSrv/0Tkc0sO8cK0wntGuPxCyaA1KeL42YZ/WZun/gEwuNLnPVr+Efl\n9oQIDQXmAOSHmbD5wJYJJUzdsm4TWN7mW6ZXo0tieKWU7XFfW/wYYdfFHCJmkyuZ\n70kDtBECgYEA1eo/rQQY0sx5AMjrHqi+h9uWlM5WXUhWlaml0S1NAychmoY2API+\nBS9r3pnTlXlic1ZwknHImYKnfE7Q61L4ZGFbZu25ImpGBoeMOk3SacL4SOPxuxOx\n10w/TnogfeVEfNW9AC0TMTwsKY1i9oG7rCfa1UdIhKCwIVGM7Yy9a4sCgYEA2gAH\nP6e4UAPABnoiir7FRPnRHDxVtxNnzNtUpPxdkiZvCBbWgSc7boLB8ZVX+sgR9ZKb\nzXPbR0DacfsCcxRWo8EpFQgecxoW2pugMnkwcwqdgqiIB+C10pG/d+8keesbNVg7\n/SpWjwpWMC7s3ZcOg2tmJgU4zgubBbwJB8BpTEUCgYEApKDL8paVmB3e/hiiwoyx\nXZNEly8ZTl8uq63NPGe1vjhuZyLlCuNjkdAGH2GZcY7ikssyhbHl5SalSUjLBmBr\nY619j4Bim7bYP4wwAmsEBXsUY9xxnD0y//PhQL9CpEE+7Sf9ddY60Ah0IGJ8iCQd\n0Ac4Ji3fBJs6EdpWMDfBS7MCgYEAy0+Vcw93vOASebf0eRN8JV0bYcr/YdOuTgcM\nBSb8GW7QxGmQOjmdmu5F9IoE2HU5Ep9dwRnZGrXoRL8FxM/mEaj3KI8+3rgpMk5L\n9GbEAbaXuaB15Wr0B+M3/6G/khjrci/NGsoemh7YzO0mqW7U8Un7pV/fX4LBXHLG\ntT0Et0UCgYEAjB/QbZhpLSi7kQ2A2EhS4uk9i+TxzwXggyasn1Ol66EjiIvVzVgO\nTc9HZe/C3LNG25FElDoabPq6PoQQdZw9rtvhC7CqbtBWzWfQG23YStRtyEqwSFqN\n2hkFBP9Rd1wL8Y4PZK1hRawTVolsFyB7cAaWc/VW9DFOMAgYMNsGBVs=\n-----END RSA PRIVATE KEY-----\n",
            "private_key_pem_pkcs8": "-----BEGIN PRIVATE KEY-----\nMIIEvwIBADANBgkqhkiG9w0BAQEFAASCBKkwggSlAgEAAoIBAQC2KYBH7gZc9scL\nL7B5YbpsZWiyiTH3H1/r7NTOWpz6s2I8/NXCCE/uLMHDRCmEoY3CZzAlMdHSNDxQ\n9tA++AVmwjbSV0jtwW4zd7xb1UD22JxGammlA+lGRWMAhWPg8Vcfk876pQMPtJXS\noOJje71v2eC17FHmhOWZ/tvhiEwQvdsEKqyalzeuJP4Go5f37LLGEsWTwLBCAOCP\nup+pj0AqxJecSbS6Mw1ZIKKq45/xU0V7NEmGYgGtXJpVFB7oHoextxkY2+wjUQVv\nQuYgZyKyp1nxI4eIXieyhqW/r4VxPxWOWTMqfr6lx3yWskpwwJaYnXbTIjnGUVrY\nH/WG/kB3AgMBAAECggEAYXePNe175h38nlWj/S53SyxveqfB3lIhRuDvdIIzYEi/\nFZbK4QkFi5DTFCHSfS7b5NrFfgFMHUbpxwBoqGiYq0TbhGxDj0NiLZOxawmNuwZn\nh53EbRDMrlbOBCdbK662SSUTKDVGkA61439F4qkA0Woou+54W/lbyKv/Boug94tX\nHIEp3x6JZ7yryjbc8NPPxJglYrtuNyP4wNPU4KN/cOAuBKu//RORzSw7xwrTCe0a\n4/ELJoDUp4vjZhn9Zm6f+ATC40uc9Wv4R+X2hAgNBeYA5IeZsPnAlgklTN2ybhNY\n3uZbplejS2J4pZTtcV9b/Bhh18UcImaTK5nvSQO0EQKBgQDV6j+tBBjSzHkAyOse\nqL6H25aUzlZdSFaVqaXRLU0DJyGahjYA8j4FL2vemdOVeWJzVnCScciZgqd8TtDr\nUvhkYVtm7bkiakYGh4w6TdJpwvhI4/G7E7HXTD9OeiB95UR81b0ALRMxPCwpjWL2\ngbusJ9rVR0iEoLAhUYztjL1riwKBgQDaAAc/p7hQA8AGeiKKvsVE+dEcPFW3E2fM\n21Sk/F2SJm8IFtaBJztugsHxlVf6yBH1kpvNc9tHQNpx+wJzFFajwSkVCB5zGhba\nm6AyeTBzCp2CqIgH4LXSkb937yR56xs1WDv9KlaPClYwLuzdlw6Da2YmBTjOC5sF\nvAkHwGlMRQKBgQCkoMvylpWYHd7+GKLCjLFdk0SXLxlOXy6rrc08Z7W+OG5nIuUK\n42OR0AYfYZlxjuKSyzKFseXlJqVJSMsGYGtjrX2PgGKbttg/jDACawQFexRj3HGc\nPTL/8+FAv0KkQT7tJ/111jrQCHQgYnyIJB3QBzgmLd8EmzoR2lYwN8FLswKBgQDL\nT5VzD3e84BJ5t/R5E3wlXRthyv9h065OBwwFJvwZbtDEaZA6OZ2a7kX0igTYdTkS\nn13BGdkatehEvwXEz+YRqPcojz7euCkyTkv0ZsQBtpe5oHXlavQH4zf/ob+SGOty\nL80ayh6aHtjM7SapbtTxSfulX99fgsFccsa1PQS3RQKBgQCMH9BtmGktKLuRDYDY\nSFLi6T2L5PHPBeCDJqyfU6XroSOIi9XNWA5Nz0dl78Lcs0bbkUSUOhps+ro+hBB1\nnD2u2+ELsKpu0FbNZ9AbbdhK1G3ISrBIWo3aGQUE/1F3XAvxjg9krWFFrBNWiWwX\nIHtwBpZz9Vb0MU4wCBgw2wYFWw==\n-----END PRIVATE KEY-----\n",
            "public_key_fingerprint_md5": "af:69:46:72:03:2d:03:99:5b:4d:fb:ea:76:2f:8f:94",
            "public_key_fingerprint_sha256": "SHA256:hOHOfXi2pmBwgsMvjJoPJj9BJIjOLMBvIro0lML8v0M",
            "public_key_openssh": "ssh-rsa AAAAB3NzaC1yc2EAAAADAQABAAABAQC2KYBH7gZc9scLL7B5YbpsZWiyiTH3H1/r7NTOWpz6s2I8/NXCCE/uLMHDRCmEoY3CZzAlMdHSNDxQ9tA++AVmwjbSV0jtwW4zd7xb1UD22JxGammlA+lGRWMAhWPg8Vcfk876pQMPtJXSoOJje71v2eC17FHmhOWZ/tvhiEwQvdsEKqyalzeuJP4Go5f37LLGEsWTwLBCAOCPup+pj0AqxJecSbS6Mw1ZIKKq45/xU0V7NEmGYgGtXJpVFB7oHoextxkY2+wjUQVvQuYgZyKyp1nxI4eIXieyhqW/r4VxPxWOWTMqfr6lx3yWskpwwJaYnXbTIjnGUVrYH/WG/kB3\n",
            "public_key_pem": "-----BEGIN PUBLIC KEY-----\nMIIBIjANBgkqhkiG9w0BAQEFAAOCAQ8AMIIBCgKCAQEAtimAR+4GXPbHCy+weWG6\nbGVosokx9x9f6+zUzlqc+rNiPPzVwghP7izBw0QphKGNwmcwJTHR0jQ8UPbQPvgF\nZsI20ldI7cFuM3e8W9VA9ticRmpppQPpRkVjAIVj4PFXH5PO+qUDD7SV0qDiY3u9\nb9ngtexR5oTlmf7b4YhMEL3bBCqsmpc3riT+BqOX9+yyxhLFk8CwQgDgj7qfqY9A\nKsSXnEm0ujMNWSCiquOf8VNFezRJhmIBrVyaVRQe6B6HsbcZGNvsI1EFb0LmIGci\nsqdZ8SOHiF4nsoalv6+FcT8VjlkzKn6+pcd8lrJKcMCWmJ120yI5xlFa2B/1hv5A\ndwIDAQAB\n-----END PUBLIC KEY-----\n",
            "rsa_bits": 2048
          },
          "sensitive_attributes": []
        }
      ]
    },
    {
      "module": "module.azure-storage-microservice",
      "mode": "managed",
      "type": "kubernetes_deployment",
      "name": "service_deployment",
      "provider": "provider[\"registry.terraform.io/hashicorp/kubernetes\"]",
      "instances": [
        {
          "schema_version": 1,
          "attributes": {
            "id": "default/azure-storage",
            "metadata": [
              {
                "annotations": null,
                "generate_name": "",
                "generation": 1,
                "labels": {
                  "pod": "azure-storage"
                },
                "name": "azure-storage",
                "namespace": "default",
                "resource_version": "3056",
                "uid": "ede9533d-2405-488c-ac68-1aaded2d1a1b"
              }
            ],
            "spec": [
              {
                "min_ready_seconds": 0,
                "paused": false,
                "progress_deadline_seconds": 600,
                "replicas": "1",
                "revision_history_limit": 10,
                "selector": [
                  {
                    "match_expressions": [],
                    "match_labels": {
                      "pod": "azure-storage"
                    }
                  }
                ],
                "strategy": [
                  {
                    "rolling_update": [
                      {
                        "max_surge": "25%",
                        "max_unavailable": "25%"
                      }
                    ],
                    "type": "RollingUpdate"
                  }
                ],
                "template": [
                  {
                    "metadata": [
                      {
                        "annotations": null,
                        "generate_name": "",
                        "generation": 0,
                        "labels": {
                          "pod": "azure-storage"
                        },
                        "name": "",
                        "namespace": "",
                        "resource_version": "",
                        "uid": ""
                      }
                    ],
                    "spec": [
                      {
                        "active_deadline_seconds": 0,
                        "affinity": [],
                        "automount_service_account_token": true,
                        "container": [
                          {
                            "args": null,
                            "command": null,
                            "env": [
                              {
                                "name": "PORT",
                                "value": "80",
                                "value_from": []
                              },
                              {
                                "name": "STORAGE_ACCESS_KEY",
                                "value": "N7/EIqBYOKeXNK5Ueh7qQZ7iTscclVqpUegXCSTV2y+8iiEAa/JbPhQ+KGDhgnTktVeVbRuoPdma+AStsNvVmQ==",
                                "value_from": []
                              },
                              {
                                "name": "STORAGE_ACCOUNT_NAME",
                                "value": "kittisonvideos",
                                "value_from": []
                              }
                            ],
                            "env_from": [],
                            "image": "flixtubetouch.azurecr.io/azure-storage:v1",
                            "image_pull_policy": "IfNotPresent",
                            "lifecycle": [],
                            "liveness_probe": [],
                            "name": "azure-storage",
                            "port": [],
                            "readiness_probe": [],
                            "resources": [
                              {
                                "limits": {},
                                "requests": {}
                              }
                            ],
                            "security_context": [],
                            "startup_probe": [],
                            "stdin": false,
                            "stdin_once": false,
                            "termination_message_path": "/dev/termination-log",
                            "termination_message_policy": "File",
                            "tty": false,
                            "volume_mount": [],
                            "working_dir": ""
                          }
                        ],
                        "dns_config": [],
                        "dns_policy": "ClusterFirst",
                        "enable_service_links": true,
                        "host_aliases": [],
                        "host_ipc": false,
                        "host_network": false,
                        "host_pid": false,
                        "hostname": "",
                        "image_pull_secrets": [
                          {
                            "name": "azure-storage-docker-credentials"
                          }
                        ],
                        "init_container": [],
                        "node_name": "",
                        "node_selector": null,
                        "priority_class_name": "",
                        "readiness_gate": [],
                        "restart_policy": "Always",
                        "runtime_class_name": "",
                        "security_context": [],
                        "service_account_name": "",
                        "share_process_namespace": false,
                        "subdomain": "",
                        "termination_grace_period_seconds": 30,
                        "toleration": [],
                        "topology_spread_constraint": [],
                        "volume": []
                      }
                    ]
                  }
                ]
              }
            ],
            "timeouts": null,
            "wait_for_rollout": true
          },
          "sensitive_attributes": [],
          "private": "eyJlMmJmYjczMC1lY2FhLTExZTYtOGY4OC0zNDM2M2JjN2M0YzAiOnsiY3JlYXRlIjo2MDAwMDAwMDAwMDAsImRlbGV0ZSI6NjAwMDAwMDAwMDAwLCJ1cGRhdGUiOjYwMDAwMDAwMDAwMH0sInNjaGVtYV92ZXJzaW9uIjoiMSJ9",
          "dependencies": [
            "azurerm_container_registry.container_registry",
            "azurerm_kubernetes_cluster.cluster",
            "module.azure-storage-microservice.kubernetes_secret.docker_credentials",
            "module.azure-storage-microservice.null_resource.docker_build",
            "module.azure-storage-microservice.null_resource.docker_login",
            "module.azure-storage-microservice.null_resource.docker_push"
          ]
        }
      ]
    },
    {
      "module": "module.azure-storage-microservice",
      "mode": "managed",
      "type": "kubernetes_secret",
      "name": "docker_credentials",
      "provider": "provider[\"registry.terraform.io/hashicorp/kubernetes\"]",
      "instances": [
        {
          "schema_version": 0,
          "attributes": {
            "binary_data": null,
            "data": {
              ".dockerconfigjson": "{\"auths\":{\"flixtubetouch.azurecr.io\":{\"auth\":\"ZmxpeHR1YmV0b3VjaDpBOUhabmhuOXZTMG8vMzhqb3Q0ODMrOStKMVh6bG9sTWlRSW1UdWlPYVQrQUNSRHg2RXNU\"}}}"
            },
            "id": "default/azure-storage-docker-credentials",
            "immutable": false,
            "metadata": [
              {
                "annotations": {},
                "generate_name": "",
                "generation": 0,
                "labels": {},
                "name": "azure-storage-docker-credentials",
                "namespace": "default",
                "resource_version": "1264",
                "uid": "33653889-77ce-4a2d-b201-eb8881c63d25"
              }
            ],
            "timeouts": null,
            "type": "kubernetes.io/dockerconfigjson",
            "wait_for_service_account_token": true
          },
          "sensitive_attributes": [
            [
              {
                "type": "get_attr",
                "value": "data"
              },
              {
                "type": "index",
                "value": {
                  "value": ".dockerconfigjson",
                  "type": "string"
                }
              }
            ]
          ],
          "private": "eyJlMmJmYjczMC1lY2FhLTExZTYtOGY4OC0zNDM2M2JjN2M0YzAiOnsiY3JlYXRlIjo2MDAwMDAwMDAwMH19",
          "dependencies": [
            "azurerm_container_registry.container_registry",
            "azurerm_kubernetes_cluster.cluster",
            "azurerm_resource_group.flixtube",
            "tls_private_key.key"
          ]
        }
      ]
    },
    {
      "module": "module.azure-storage-microservice",
      "mode": "managed",
      "type": "kubernetes_service",
      "name": "service",
      "provider": "provider[\"registry.terraform.io/hashicorp/kubernetes\"]",
      "instances": [
        {
          "schema_version": 1,
          "attributes": {
            "id": "default/video-storage",
            "metadata": [
              {
                "annotations": null,
                "generate_name": "",
                "generation": 0,
                "labels": null,
                "name": "video-storage",
                "namespace": "default",
                "resource_version": "3083",
                "uid": "f2c77de5-34d6-4927-bae4-668ca20a9c1e"
              }
            ],
            "spec": [
              {
                "allocate_load_balancer_node_ports": true,
                "cluster_ip": "10.0.101.146",
                "cluster_ips": [
                  "10.0.101.146"
                ],
                "external_ips": null,
                "external_name": "",
                "external_traffic_policy": "",
                "health_check_node_port": 0,
                "internal_traffic_policy": "Cluster",
                "ip_families": [
                  "IPv4"
                ],
                "ip_family_policy": "SingleStack",
                "load_balancer_class": "",
                "load_balancer_ip": "",
                "load_balancer_source_ranges": null,
                "port": [
                  {
                    "app_protocol": "",
                    "name": "",
                    "node_port": 0,
                    "port": 80,
                    "protocol": "TCP",
                    "target_port": "80"
                  }
                ],
                "publish_not_ready_addresses": false,
                "selector": {
                  "pod": "azure-storage"
                },
                "session_affinity": "None",
                "session_affinity_config": [],
                "type": "ClusterIP"
              }
            ],
            "status": [
              {
                "load_balancer": [
                  {
                    "ingress": []
                  }
                ]
              }
            ],
            "timeouts": null,
            "wait_for_load_balancer": true
          },
          "sensitive_attributes": [],
          "private": "eyJlMmJmYjczMC1lY2FhLTExZTYtOGY4OC0zNDM2M2JjN2M0YzAiOnsiY3JlYXRlIjo2MDAwMDAwMDAwMDB9LCJzY2hlbWFfdmVyc2lvbiI6IjEifQ==",
          "dependencies": [
            "azurerm_container_registry.container_registry",
            "azurerm_kubernetes_cluster.cluster",
            "module.azure-storage-microservice.kubernetes_deployment.service_deployment",
            "module.azure-storage-microservice.kubernetes_secret.docker_credentials",
            "module.azure-storage-microservice.null_resource.docker_build",
            "module.azure-storage-microservice.null_resource.docker_login",
            "module.azure-storage-microservice.null_resource.docker_push"
          ]
        }
      ]
    },
    {
      "module": "module.azure-storage-microservice",
      "mode": "managed",
      "type": "null_resource",
      "name": "docker_build",
      "provider": "provider[\"registry.terraform.io/hashicorp/null\"]",
      "instances": [
        {
          "schema_version": 0,
          "attributes": {
            "id": "909789207",
            "triggers": {
              "always_run": "2023-02-14T04:45:53Z"
            }
          },
          "sensitive_attributes": [],
          "dependencies": [
            "azurerm_container_registry.container_registry"
          ]
        }
      ]
    },
    {
      "module": "module.azure-storage-microservice",
      "mode": "managed",
      "type": "null_resource",
      "name": "docker_login",
      "provider": "provider[\"registry.terraform.io/hashicorp/null\"]",
      "instances": [
        {
          "schema_version": 0,
          "attributes": {
            "id": "1513691472",
            "triggers": {
              "always_run": "2023-02-14T04:45:56Z"
            }
          },
          "sensitive_attributes": [],
          "dependencies": [
            "azurerm_container_registry.container_registry",
            "module.azure-storage-microservice.null_resource.docker_build"
          ]
        }
      ]
    },
    {
      "module": "module.azure-storage-microservice",
      "mode": "managed",
      "type": "null_resource",
      "name": "docker_push",
      "provider": "provider[\"registry.terraform.io/hashicorp/null\"]",
      "instances": [
        {
          "schema_version": 0,
          "attributes": {
            "id": "662577619",
            "triggers": {
              "always_run": "2023-02-14T04:45:58Z"
            }
          },
          "sensitive_attributes": [],
          "dependencies": [
            "azurerm_container_registry.container_registry",
            "module.azure-storage-microservice.null_resource.docker_build",
            "module.azure-storage-microservice.null_resource.docker_login"
          ]
        }
      ]
    },
    {
      "module": "module.gateway-microservice",
      "mode": "managed",
      "type": "kubernetes_deployment",
      "name": "service_deployment",
      "provider": "provider[\"registry.terraform.io/hashicorp/kubernetes\"]",
      "instances": [
        {
          "schema_version": 1,
          "attributes": {
            "id": "default/gateway",
            "metadata": [
              {
                "annotations": {},
                "generate_name": "",
                "generation": 1,
                "labels": {
                  "pod": "gateway"
                },
                "name": "gateway",
                "namespace": "default",
                "resource_version": "1576",
                "uid": "0346b7f6-ed1c-4c0f-b218-a032f597f849"
              }
            ],
            "spec": [
              {
                "min_ready_seconds": 0,
                "paused": false,
                "progress_deadline_seconds": 600,
                "replicas": "1",
                "revision_history_limit": 10,
                "selector": [
                  {
                    "match_expressions": [],
                    "match_labels": {
                      "pod": "gateway"
                    }
                  }
                ],
                "strategy": [
                  {
                    "rolling_update": [
                      {
                        "max_surge": "25%",
                        "max_unavailable": "25%"
                      }
                    ],
                    "type": "RollingUpdate"
                  }
                ],
                "template": [
                  {
                    "metadata": [
                      {
                        "annotations": {},
                        "generate_name": "",
                        "generation": 0,
                        "labels": {
                          "pod": "gateway"
                        },
                        "name": "",
                        "namespace": "",
                        "resource_version": "",
                        "uid": ""
                      }
                    ],
                    "spec": [
                      {
                        "active_deadline_seconds": 0,
                        "affinity": [],
                        "automount_service_account_token": true,
                        "container": [
                          {
                            "args": [],
                            "command": [],
                            "env": [
                              {
                                "name": "PORT",
                                "value": "80",
                                "value_from": []
                              },
                              {
                                "name": "RABBIT",
                                "value": "amqp://guest:guest@rabbit:5672",
                                "value_from": []
                              }
                            ],
                            "env_from": [],
                            "image": "flixtubetouch.azurecr.io/gateway:v1",
                            "image_pull_policy": "IfNotPresent",
                            "lifecycle": [],
                            "liveness_probe": [],
                            "name": "gateway",
                            "port": [],
                            "readiness_probe": [],
                            "resources": [
                              {
                                "limits": {},
                                "requests": {}
                              }
                            ],
                            "security_context": [],
                            "startup_probe": [],
                            "stdin": false,
                            "stdin_once": false,
                            "termination_message_path": "/dev/termination-log",
                            "termination_message_policy": "File",
                            "tty": false,
                            "volume_mount": [],
                            "working_dir": ""
                          }
                        ],
                        "dns_config": [],
                        "dns_policy": "ClusterFirst",
                        "enable_service_links": true,
                        "host_aliases": [],
                        "host_ipc": false,
                        "host_network": false,
                        "host_pid": false,
                        "hostname": "",
                        "image_pull_secrets": [
                          {
                            "name": "gateway-docker-credentials"
                          }
                        ],
                        "init_container": [],
                        "node_name": "",
                        "node_selector": {},
                        "priority_class_name": "",
                        "readiness_gate": [],
                        "restart_policy": "Always",
                        "runtime_class_name": "",
                        "security_context": [],
                        "service_account_name": "",
                        "share_process_namespace": false,
                        "subdomain": "",
                        "termination_grace_period_seconds": 30,
                        "toleration": [],
                        "topology_spread_constraint": [],
                        "volume": []
                      }
                    ]
                  }
                ]
              }
            ],
            "timeouts": null,
            "wait_for_rollout": true
          },
          "sensitive_attributes": [],
          "private": "eyJlMmJmYjczMC1lY2FhLTExZTYtOGY4OC0zNDM2M2JjN2M0YzAiOnsiY3JlYXRlIjo2MDAwMDAwMDAwMDAsImRlbGV0ZSI6NjAwMDAwMDAwMDAwLCJ1cGRhdGUiOjYwMDAwMDAwMDAwMH0sInNjaGVtYV92ZXJzaW9uIjoiMSJ9",
          "dependencies": [
            "azurerm_container_registry.container_registry",
            "azurerm_kubernetes_cluster.cluster",
            "azurerm_resource_group.flixtube",
            "module.gateway-microservice.kubernetes_secret.docker_credentials",
            "module.gateway-microservice.null_resource.docker_build",
            "module.gateway-microservice.null_resource.docker_login",
            "module.gateway-microservice.null_resource.docker_push",
            "tls_private_key.key"
          ]
        }
      ]
    },
    {
      "module": "module.gateway-microservice",
      "mode": "managed",
      "type": "kubernetes_secret",
      "name": "docker_credentials",
      "provider": "provider[\"registry.terraform.io/hashicorp/kubernetes\"]",
      "instances": [
        {
          "schema_version": 0,
          "attributes": {
            "binary_data": null,
            "data": {
              ".dockerconfigjson": "{\"auths\":{\"flixtubetouch.azurecr.io\":{\"auth\":\"ZmxpeHR1YmV0b3VjaDpBOUhabmhuOXZTMG8vMzhqb3Q0ODMrOStKMVh6bG9sTWlRSW1UdWlPYVQrQUNSRHg2RXNU\"}}}"
            },
            "id": "default/gateway-docker-credentials",
            "immutable": false,
            "metadata": [
              {
                "annotations": {},
                "generate_name": "",
                "generation": 0,
                "labels": {},
                "name": "gateway-docker-credentials",
                "namespace": "default",
                "resource_version": "1261",
                "uid": "3da40684-84e7-4cea-8198-5053c1d1eb8a"
              }
            ],
            "timeouts": null,
            "type": "kubernetes.io/dockerconfigjson",
            "wait_for_service_account_token": true
          },
          "sensitive_attributes": [
            [
              {
                "type": "get_attr",
                "value": "data"
              },
              {
                "type": "index",
                "value": {
                  "value": ".dockerconfigjson",
                  "type": "string"
                }
              }
            ]
          ],
          "private": "eyJlMmJmYjczMC1lY2FhLTExZTYtOGY4OC0zNDM2M2JjN2M0YzAiOnsiY3JlYXRlIjo2MDAwMDAwMDAwMH19",
          "dependencies": [
            "azurerm_container_registry.container_registry",
            "azurerm_kubernetes_cluster.cluster",
            "azurerm_resource_group.flixtube",
            "tls_private_key.key"
          ]
        }
      ]
    },
    {
      "module": "module.gateway-microservice",
      "mode": "managed",
      "type": "kubernetes_service",
      "name": "service",
      "provider": "provider[\"registry.terraform.io/hashicorp/kubernetes\"]",
      "instances": [
        {
          "schema_version": 1,
          "attributes": {
            "id": "default/gateway",
            "metadata": [
              {
                "annotations": {},
                "generate_name": "",
                "generation": 0,
                "labels": {},
                "name": "gateway",
                "namespace": "default",
                "resource_version": "1642",
                "uid": "e4ab52c1-b5f8-4a97-8213-504ef0817e48"
              }
            ],
            "spec": [
              {
                "allocate_load_balancer_node_ports": true,
                "cluster_ip": "10.0.66.246",
                "cluster_ips": [
                  "10.0.66.246"
                ],
                "external_ips": [],
                "external_name": "",
                "external_traffic_policy": "Cluster",
                "health_check_node_port": 0,
                "internal_traffic_policy": "Cluster",
                "ip_families": [
                  "IPv4"
                ],
                "ip_family_policy": "SingleStack",
                "load_balancer_class": "",
                "load_balancer_ip": "",
                "load_balancer_source_ranges": [],
                "port": [
                  {
                    "app_protocol": "",
                    "name": "",
                    "node_port": 31749,
                    "port": 80,
                    "protocol": "TCP",
                    "target_port": "80"
                  }
                ],
                "publish_not_ready_addresses": false,
                "selector": {
                  "pod": "gateway"
                },
                "session_affinity": "ClientIP",
                "session_affinity_config": [
                  {
                    "client_ip": [
                      {
                        "timeout_seconds": 10800
                      }
                    ]
                  }
                ],
                "type": "LoadBalancer"
              }
            ],
            "status": [
              {
                "load_balancer": [
                  {
                    "ingress": [
                      {
                        "hostname": "",
                        "ip": "20.44.216.29"
                      }
                    ]
                  }
                ]
              }
            ],
            "timeouts": null,
            "wait_for_load_balancer": true
          },
          "sensitive_attributes": [],
          "private": "eyJlMmJmYjczMC1lY2FhLTExZTYtOGY4OC0zNDM2M2JjN2M0YzAiOnsiY3JlYXRlIjo2MDAwMDAwMDAwMDB9LCJzY2hlbWFfdmVyc2lvbiI6IjEifQ==",
          "dependencies": [
            "azurerm_container_registry.container_registry",
            "azurerm_kubernetes_cluster.cluster",
            "azurerm_resource_group.flixtube",
            "module.gateway-microservice.kubernetes_deployment.service_deployment",
            "module.gateway-microservice.kubernetes_secret.docker_credentials",
            "module.gateway-microservice.null_resource.docker_build",
            "module.gateway-microservice.null_resource.docker_login",
            "module.gateway-microservice.null_resource.docker_push",
            "tls_private_key.key"
          ]
        }
      ]
    },
    {
      "module": "module.gateway-microservice",
      "mode": "managed",
      "type": "null_resource",
      "name": "docker_build",
      "provider": "provider[\"registry.terraform.io/hashicorp/null\"]",
      "instances": [
        {
          "schema_version": 0,
          "attributes": {
            "id": "541127828",
            "triggers": {
              "always_run": "2023-02-14T04:45:53Z"
            }
          },
          "sensitive_attributes": [],
          "dependencies": [
            "azurerm_container_registry.container_registry"
          ]
        }
      ]
    },
    {
      "module": "module.gateway-microservice",
      "mode": "managed",
      "type": "null_resource",
      "name": "docker_login",
      "provider": "provider[\"registry.terraform.io/hashicorp/null\"]",
      "instances": [
        {
          "schema_version": 0,
          "attributes": {
            "id": "1812749501",
            "triggers": {
              "always_run": "2023-02-14T04:45:56Z"
            }
          },
          "sensitive_attributes": [],
          "dependencies": [
            "azurerm_container_registry.container_registry",
            "module.gateway-microservice.null_resource.docker_build"
          ]
        }
      ]
    },
    {
      "module": "module.gateway-microservice",
      "mode": "managed",
      "type": "null_resource",
      "name": "docker_push",
      "provider": "provider[\"registry.terraform.io/hashicorp/null\"]",
      "instances": [
        {
          "schema_version": 0,
          "attributes": {
            "id": "1475145567",
            "triggers": {
              "always_run": "2023-02-14T04:46:00Z"
            }
          },
          "sensitive_attributes": [],
          "dependencies": [
            "azurerm_container_registry.container_registry",
            "module.gateway-microservice.null_resource.docker_build",
            "module.gateway-microservice.null_resource.docker_login"
          ]
        }
      ]
    },
    {
      "module": "module.history-microservice",
      "mode": "managed",
      "type": "kubernetes_deployment",
      "name": "service_deployment",
      "provider": "provider[\"registry.terraform.io/hashicorp/kubernetes\"]",
      "instances": [
        {
          "schema_version": 1,
          "attributes": {
            "id": "default/history",
            "metadata": [
              {
                "annotations": {},
                "generate_name": "",
                "generation": 1,
                "labels": {
                  "pod": "history"
                },
                "name": "history",
                "namespace": "default",
                "resource_version": "1568",
                "uid": "62f0eb53-5667-45a9-b15e-9741a480a418"
              }
            ],
            "spec": [
              {
                "min_ready_seconds": 0,
                "paused": false,
                "progress_deadline_seconds": 600,
                "replicas": "1",
                "revision_history_limit": 10,
                "selector": [
                  {
                    "match_expressions": [],
                    "match_labels": {
                      "pod": "history"
                    }
                  }
                ],
                "strategy": [
                  {
                    "rolling_update": [
                      {
                        "max_surge": "25%",
                        "max_unavailable": "25%"
                      }
                    ],
                    "type": "RollingUpdate"
                  }
                ],
                "template": [
                  {
                    "metadata": [
                      {
                        "annotations": {},
                        "generate_name": "",
                        "generation": 0,
                        "labels": {
                          "pod": "history"
                        },
                        "name": "",
                        "namespace": "",
                        "resource_version": "",
                        "uid": ""
                      }
                    ],
                    "spec": [
                      {
                        "active_deadline_seconds": 0,
                        "affinity": [],
                        "automount_service_account_token": true,
                        "container": [
                          {
                            "args": [],
                            "command": [],
                            "env": [
                              {
                                "name": "PORT",
                                "value": "80",
                                "value_from": []
                              },
                              {
                                "name": "DBHOST",
                                "value": "mongodb://db:27017",
                                "value_from": []
                              },
                              {
                                "name": "DBNAME",
                                "value": "history",
                                "value_from": []
                              },
                              {
                                "name": "RABBIT",
                                "value": "amqp://guest:guest@rabbit:5672",
                                "value_from": []
                              }
                            ],
                            "env_from": [],
                            "image": "flixtubetouch.azurecr.io/history:v1",
                            "image_pull_policy": "IfNotPresent",
                            "lifecycle": [],
                            "liveness_probe": [],
                            "name": "history",
                            "port": [],
                            "readiness_probe": [],
                            "resources": [
                              {
                                "limits": {},
                                "requests": {}
                              }
                            ],
                            "security_context": [],
                            "startup_probe": [],
                            "stdin": false,
                            "stdin_once": false,
                            "termination_message_path": "/dev/termination-log",
                            "termination_message_policy": "File",
                            "tty": false,
                            "volume_mount": [],
                            "working_dir": ""
                          }
                        ],
                        "dns_config": [],
                        "dns_policy": "ClusterFirst",
                        "enable_service_links": true,
                        "host_aliases": [],
                        "host_ipc": false,
                        "host_network": false,
                        "host_pid": false,
                        "hostname": "",
                        "image_pull_secrets": [
                          {
                            "name": "history-docker-credentials"
                          }
                        ],
                        "init_container": [],
                        "node_name": "",
                        "node_selector": {},
                        "priority_class_name": "",
                        "readiness_gate": [],
                        "restart_policy": "Always",
                        "runtime_class_name": "",
                        "security_context": [],
                        "service_account_name": "",
                        "share_process_namespace": false,
                        "subdomain": "",
                        "termination_grace_period_seconds": 30,
                        "toleration": [],
                        "topology_spread_constraint": [],
                        "volume": []
                      }
                    ]
                  }
                ]
              }
            ],
            "timeouts": null,
            "wait_for_rollout": true
          },
          "sensitive_attributes": [],
          "private": "eyJlMmJmYjczMC1lY2FhLTExZTYtOGY4OC0zNDM2M2JjN2M0YzAiOnsiY3JlYXRlIjo2MDAwMDAwMDAwMDAsImRlbGV0ZSI6NjAwMDAwMDAwMDAwLCJ1cGRhdGUiOjYwMDAwMDAwMDAwMH0sInNjaGVtYV92ZXJzaW9uIjoiMSJ9",
          "dependencies": [
            "azurerm_container_registry.container_registry",
            "azurerm_kubernetes_cluster.cluster",
            "azurerm_resource_group.flixtube",
            "module.history-microservice.kubernetes_secret.docker_credentials",
            "module.history-microservice.null_resource.docker_build",
            "module.history-microservice.null_resource.docker_login",
            "module.history-microservice.null_resource.docker_push",
            "tls_private_key.key"
          ]
        }
      ]
    },
    {
      "module": "module.history-microservice",
      "mode": "managed",
      "type": "kubernetes_secret",
      "name": "docker_credentials",
      "provider": "provider[\"registry.terraform.io/hashicorp/kubernetes\"]",
      "instances": [
        {
          "schema_version": 0,
          "attributes": {
            "binary_data": null,
            "data": {
              ".dockerconfigjson": "{\"auths\":{\"flixtubetouch.azurecr.io\":{\"auth\":\"ZmxpeHR1YmV0b3VjaDpBOUhabmhuOXZTMG8vMzhqb3Q0ODMrOStKMVh6bG9sTWlRSW1UdWlPYVQrQUNSRHg2RXNU\"}}}"
            },
            "id": "default/history-docker-credentials",
            "immutable": false,
            "metadata": [
              {
                "annotations": {},
                "generate_name": "",
                "generation": 0,
                "labels": {},
                "name": "history-docker-credentials",
                "namespace": "default",
                "resource_version": "1262",
                "uid": "4a391e91-649f-47a5-a02a-7766a3d32352"
              }
            ],
            "timeouts": null,
            "type": "kubernetes.io/dockerconfigjson",
            "wait_for_service_account_token": true
          },
          "sensitive_attributes": [
            [
              {
                "type": "get_attr",
                "value": "data"
              },
              {
                "type": "index",
                "value": {
                  "value": ".dockerconfigjson",
                  "type": "string"
                }
              }
            ]
          ],
          "private": "eyJlMmJmYjczMC1lY2FhLTExZTYtOGY4OC0zNDM2M2JjN2M0YzAiOnsiY3JlYXRlIjo2MDAwMDAwMDAwMH19",
          "dependencies": [
            "azurerm_container_registry.container_registry",
            "azurerm_kubernetes_cluster.cluster",
            "azurerm_resource_group.flixtube",
            "tls_private_key.key"
          ]
        }
      ]
    },
    {
      "module": "module.history-microservice",
      "mode": "managed",
      "type": "kubernetes_service",
      "name": "service",
      "provider": "provider[\"registry.terraform.io/hashicorp/kubernetes\"]",
      "instances": [
        {
          "schema_version": 1,
          "attributes": {
            "id": "default/history",
            "metadata": [
              {
                "annotations": {},
                "generate_name": "",
                "generation": 0,
                "labels": {},
                "name": "history",
                "namespace": "default",
                "resource_version": "1591",
                "uid": "e91b061d-7607-4880-91e9-a0346d7b98a7"
              }
            ],
            "spec": [
              {
                "allocate_load_balancer_node_ports": true,
                "cluster_ip": "10.0.237.124",
                "cluster_ips": [
                  "10.0.237.124"
                ],
                "external_ips": [],
                "external_name": "",
                "external_traffic_policy": "",
                "health_check_node_port": 0,
                "internal_traffic_policy": "Cluster",
                "ip_families": [
                  "IPv4"
                ],
                "ip_family_policy": "SingleStack",
                "load_balancer_class": "",
                "load_balancer_ip": "",
                "load_balancer_source_ranges": [],
                "port": [
                  {
                    "app_protocol": "",
                    "name": "",
                    "node_port": 0,
                    "port": 80,
                    "protocol": "TCP",
                    "target_port": "80"
                  }
                ],
                "publish_not_ready_addresses": false,
                "selector": {
                  "pod": "history"
                },
                "session_affinity": "None",
                "session_affinity_config": [],
                "type": "ClusterIP"
              }
            ],
            "status": [
              {
                "load_balancer": [
                  {
                    "ingress": []
                  }
                ]
              }
            ],
            "timeouts": null,
            "wait_for_load_balancer": true
          },
          "sensitive_attributes": [],
          "private": "eyJlMmJmYjczMC1lY2FhLTExZTYtOGY4OC0zNDM2M2JjN2M0YzAiOnsiY3JlYXRlIjo2MDAwMDAwMDAwMDB9LCJzY2hlbWFfdmVyc2lvbiI6IjEifQ==",
          "dependencies": [
            "azurerm_container_registry.container_registry",
            "azurerm_kubernetes_cluster.cluster",
            "azurerm_resource_group.flixtube",
            "module.history-microservice.kubernetes_deployment.service_deployment",
            "module.history-microservice.kubernetes_secret.docker_credentials",
            "module.history-microservice.null_resource.docker_build",
            "module.history-microservice.null_resource.docker_login",
            "module.history-microservice.null_resource.docker_push",
            "tls_private_key.key"
          ]
        }
      ]
    },
    {
      "module": "module.history-microservice",
      "mode": "managed",
      "type": "null_resource",
      "name": "docker_build",
      "provider": "provider[\"registry.terraform.io/hashicorp/null\"]",
      "instances": [
        {
          "schema_version": 0,
          "attributes": {
            "id": "215686571",
            "triggers": {
              "always_run": "2023-02-14T04:45:53Z"
            }
          },
          "sensitive_attributes": [],
          "dependencies": [
            "azurerm_container_registry.container_registry"
          ]
        }
      ]
    },
    {
      "module": "module.history-microservice",
      "mode": "managed",
      "type": "null_resource",
      "name": "docker_login",
      "provider": "provider[\"registry.terraform.io/hashicorp/null\"]",
      "instances": [
        {
          "schema_version": 0,
          "attributes": {
            "id": "1980637779",
            "triggers": {
              "always_run": "2023-02-14T04:45:56Z"
            }
          },
          "sensitive_attributes": [],
          "dependencies": [
            "azurerm_container_registry.container_registry",
            "module.history-microservice.null_resource.docker_build"
          ]
        }
      ]
    },
    {
      "module": "module.history-microservice",
      "mode": "managed",
      "type": "null_resource",
      "name": "docker_push",
      "provider": "provider[\"registry.terraform.io/hashicorp/null\"]",
      "instances": [
        {
          "schema_version": 0,
          "attributes": {
            "id": "2142012999",
            "triggers": {
              "always_run": "2023-02-14T04:45:58Z"
            }
          },
          "sensitive_attributes": [],
          "dependencies": [
            "azurerm_container_registry.container_registry",
            "module.history-microservice.null_resource.docker_build",
            "module.history-microservice.null_resource.docker_login"
          ]
        }
      ]
    },
    {
      "module": "module.metadata-microservice",
      "mode": "managed",
      "type": "kubernetes_deployment",
      "name": "service_deployment",
      "provider": "provider[\"registry.terraform.io/hashicorp/kubernetes\"]",
      "instances": [
        {
          "schema_version": 1,
          "attributes": {
            "id": "default/metadata",
            "metadata": [
              {
                "annotations": {},
                "generate_name": "",
                "generation": 1,
                "labels": {
                  "pod": "metadata"
                },
                "name": "metadata",
                "namespace": "default",
                "resource_version": "1544",
                "uid": "fccde242-e110-4e7c-b5ee-17fe1bd64dd9"
              }
            ],
            "spec": [
              {
                "min_ready_seconds": 0,
                "paused": false,
                "progress_deadline_seconds": 600,
                "replicas": "1",
                "revision_history_limit": 10,
                "selector": [
                  {
                    "match_expressions": [],
                    "match_labels": {
                      "pod": "metadata"
                    }
                  }
                ],
                "strategy": [
                  {
                    "rolling_update": [
                      {
                        "max_surge": "25%",
                        "max_unavailable": "25%"
                      }
                    ],
                    "type": "RollingUpdate"
                  }
                ],
                "template": [
                  {
                    "metadata": [
                      {
                        "annotations": {},
                        "generate_name": "",
                        "generation": 0,
                        "labels": {
                          "pod": "metadata"
                        },
                        "name": "",
                        "namespace": "",
                        "resource_version": "",
                        "uid": ""
                      }
                    ],
                    "spec": [
                      {
                        "active_deadline_seconds": 0,
                        "affinity": [],
                        "automount_service_account_token": true,
                        "container": [
                          {
                            "args": [],
                            "command": [],
                            "env": [
                              {
                                "name": "PORT",
                                "value": "80",
                                "value_from": []
                              },
                              {
                                "name": "DBHOST",
                                "value": "mongodb://db:27017",
                                "value_from": []
                              },
                              {
                                "name": "DBNAME",
                                "value": "metadata",
                                "value_from": []
                              },
                              {
                                "name": "RABBIT",
                                "value": "amqp://guest:guest@rabbit:5672",
                                "value_from": []
                              }
                            ],
                            "env_from": [],
                            "image": "flixtubetouch.azurecr.io/metadata:v1",
                            "image_pull_policy": "IfNotPresent",
                            "lifecycle": [],
                            "liveness_probe": [],
                            "name": "metadata",
                            "port": [],
                            "readiness_probe": [],
                            "resources": [
                              {
                                "limits": {},
                                "requests": {}
                              }
                            ],
                            "security_context": [],
                            "startup_probe": [],
                            "stdin": false,
                            "stdin_once": false,
                            "termination_message_path": "/dev/termination-log",
                            "termination_message_policy": "File",
                            "tty": false,
                            "volume_mount": [],
                            "working_dir": ""
                          }
                        ],
                        "dns_config": [],
                        "dns_policy": "ClusterFirst",
                        "enable_service_links": true,
                        "host_aliases": [],
                        "host_ipc": false,
                        "host_network": false,
                        "host_pid": false,
                        "hostname": "",
                        "image_pull_secrets": [
                          {
                            "name": "metadata-docker-credentials"
                          }
                        ],
                        "init_container": [],
                        "node_name": "",
                        "node_selector": {},
                        "priority_class_name": "",
                        "readiness_gate": [],
                        "restart_policy": "Always",
                        "runtime_class_name": "",
                        "security_context": [],
                        "service_account_name": "",
                        "share_process_namespace": false,
                        "subdomain": "",
                        "termination_grace_period_seconds": 30,
                        "toleration": [],
                        "topology_spread_constraint": [],
                        "volume": []
                      }
                    ]
                  }
                ]
              }
            ],
            "timeouts": null,
            "wait_for_rollout": true
          },
          "sensitive_attributes": [],
          "private": "eyJlMmJmYjczMC1lY2FhLTExZTYtOGY4OC0zNDM2M2JjN2M0YzAiOnsiY3JlYXRlIjo2MDAwMDAwMDAwMDAsImRlbGV0ZSI6NjAwMDAwMDAwMDAwLCJ1cGRhdGUiOjYwMDAwMDAwMDAwMH0sInNjaGVtYV92ZXJzaW9uIjoiMSJ9",
          "dependencies": [
            "azurerm_container_registry.container_registry",
            "azurerm_kubernetes_cluster.cluster",
            "azurerm_resource_group.flixtube",
            "module.metadata-microservice.kubernetes_secret.docker_credentials",
            "module.metadata-microservice.null_resource.docker_build",
            "module.metadata-microservice.null_resource.docker_login",
            "module.metadata-microservice.null_resource.docker_push",
            "tls_private_key.key"
          ]
        }
      ]
    },
    {
      "module": "module.metadata-microservice",
      "mode": "managed",
      "type": "kubernetes_secret",
      "name": "docker_credentials",
      "provider": "provider[\"registry.terraform.io/hashicorp/kubernetes\"]",
      "instances": [
        {
          "schema_version": 0,
          "attributes": {
            "binary_data": null,
            "data": {
              ".dockerconfigjson": "{\"auths\":{\"flixtubetouch.azurecr.io\":{\"auth\":\"ZmxpeHR1YmV0b3VjaDpBOUhabmhuOXZTMG8vMzhqb3Q0ODMrOStKMVh6bG9sTWlRSW1UdWlPYVQrQUNSRHg2RXNU\"}}}"
            },
            "id": "default/metadata-docker-credentials",
            "immutable": false,
            "metadata": [
              {
                "annotations": {},
                "generate_name": "",
                "generation": 0,
                "labels": {},
                "name": "metadata-docker-credentials",
                "namespace": "default",
                "resource_version": "1258",
                "uid": "ffda426d-20c7-4802-86fd-81e427625a7c"
              }
            ],
            "timeouts": null,
            "type": "kubernetes.io/dockerconfigjson",
            "wait_for_service_account_token": true
          },
          "sensitive_attributes": [
            [
              {
                "type": "get_attr",
                "value": "data"
              },
              {
                "type": "index",
                "value": {
                  "value": ".dockerconfigjson",
                  "type": "string"
                }
              }
            ]
          ],
          "private": "eyJlMmJmYjczMC1lY2FhLTExZTYtOGY4OC0zNDM2M2JjN2M0YzAiOnsiY3JlYXRlIjo2MDAwMDAwMDAwMH19",
          "dependencies": [
            "azurerm_container_registry.container_registry",
            "azurerm_kubernetes_cluster.cluster",
            "azurerm_resource_group.flixtube",
            "tls_private_key.key"
          ]
        }
      ]
    },
    {
      "module": "module.metadata-microservice",
      "mode": "managed",
      "type": "kubernetes_service",
      "name": "service",
      "provider": "provider[\"registry.terraform.io/hashicorp/kubernetes\"]",
      "instances": [
        {
          "schema_version": 1,
          "attributes": {
            "id": "default/metadata",
            "metadata": [
              {
                "annotations": {},
                "generate_name": "",
                "generation": 0,
                "labels": {},
                "name": "metadata",
                "namespace": "default",
                "resource_version": "1602",
                "uid": "5b69f8ca-2185-47cf-b09b-8054f5860beb"
              }
            ],
            "spec": [
              {
                "allocate_load_balancer_node_ports": true,
                "cluster_ip": "10.0.253.220",
                "cluster_ips": [
                  "10.0.253.220"
                ],
                "external_ips": [],
                "external_name": "",
                "external_traffic_policy": "",
                "health_check_node_port": 0,
                "internal_traffic_policy": "Cluster",
                "ip_families": [
                  "IPv4"
                ],
                "ip_family_policy": "SingleStack",
                "load_balancer_class": "",
                "load_balancer_ip": "",
                "load_balancer_source_ranges": [],
                "port": [
                  {
                    "app_protocol": "",
                    "name": "",
                    "node_port": 0,
                    "port": 80,
                    "protocol": "TCP",
                    "target_port": "80"
                  }
                ],
                "publish_not_ready_addresses": false,
                "selector": {
                  "pod": "metadata"
                },
                "session_affinity": "None",
                "session_affinity_config": [],
                "type": "ClusterIP"
              }
            ],
            "status": [
              {
                "load_balancer": [
                  {
                    "ingress": []
                  }
                ]
              }
            ],
            "timeouts": null,
            "wait_for_load_balancer": true
          },
          "sensitive_attributes": [],
          "private": "eyJlMmJmYjczMC1lY2FhLTExZTYtOGY4OC0zNDM2M2JjN2M0YzAiOnsiY3JlYXRlIjo2MDAwMDAwMDAwMDB9LCJzY2hlbWFfdmVyc2lvbiI6IjEifQ==",
          "dependencies": [
            "azurerm_container_registry.container_registry",
            "azurerm_kubernetes_cluster.cluster",
            "azurerm_resource_group.flixtube",
            "module.metadata-microservice.kubernetes_deployment.service_deployment",
            "module.metadata-microservice.kubernetes_secret.docker_credentials",
            "module.metadata-microservice.null_resource.docker_build",
            "module.metadata-microservice.null_resource.docker_login",
            "module.metadata-microservice.null_resource.docker_push",
            "tls_private_key.key"
          ]
        }
      ]
    },
    {
      "module": "module.metadata-microservice",
      "mode": "managed",
      "type": "null_resource",
      "name": "docker_build",
      "provider": "provider[\"registry.terraform.io/hashicorp/null\"]",
      "instances": [
        {
          "schema_version": 0,
          "attributes": {
            "id": "2054719150",
            "triggers": {
              "always_run": "2023-02-14T04:45:53Z"
            }
          },
          "sensitive_attributes": [],
          "dependencies": [
            "azurerm_container_registry.container_registry"
          ]
        }
      ]
    },
    {
      "module": "module.metadata-microservice",
      "mode": "managed",
      "type": "null_resource",
      "name": "docker_login",
      "provider": "provider[\"registry.terraform.io/hashicorp/null\"]",
      "instances": [
        {
          "schema_version": 0,
          "attributes": {
            "id": "490326756",
            "triggers": {
              "always_run": "2023-02-14T04:45:56Z"
            }
          },
          "sensitive_attributes": [],
          "dependencies": [
            "azurerm_container_registry.container_registry",
            "module.metadata-microservice.null_resource.docker_build"
          ]
        }
      ]
    },
    {
      "module": "module.metadata-microservice",
      "mode": "managed",
      "type": "null_resource",
      "name": "docker_push",
      "provider": "provider[\"registry.terraform.io/hashicorp/null\"]",
      "instances": [
        {
          "schema_version": 0,
          "attributes": {
            "id": "2034683208",
            "triggers": {
              "always_run": "2023-02-14T04:45:58Z"
            }
          },
          "sensitive_attributes": [],
          "dependencies": [
            "azurerm_container_registry.container_registry",
            "module.metadata-microservice.null_resource.docker_build",
            "module.metadata-microservice.null_resource.docker_login"
          ]
        }
      ]
    },
    {
      "module": "module.video-streaming-microservice",
      "mode": "managed",
      "type": "kubernetes_deployment",
      "name": "service_deployment",
      "provider": "provider[\"registry.terraform.io/hashicorp/kubernetes\"]",
      "instances": [
        {
          "schema_version": 1,
          "attributes": {
            "id": "default/video-streaming",
            "metadata": [
              {
                "annotations": null,
                "generate_name": "",
                "generation": 1,
                "labels": {
                  "pod": "video-streaming"
                },
                "name": "video-streaming",
                "namespace": "default",
                "resource_version": "3081",
                "uid": "55650b23-e157-4bb7-8557-49fc473018f9"
              }
            ],
            "spec": [
              {
                "min_ready_seconds": 0,
                "paused": false,
                "progress_deadline_seconds": 600,
                "replicas": "1",
                "revision_history_limit": 10,
                "selector": [
                  {
                    "match_expressions": [],
                    "match_labels": {
                      "pod": "video-streaming"
                    }
                  }
                ],
                "strategy": [
                  {
                    "rolling_update": [
                      {
                        "max_surge": "25%",
                        "max_unavailable": "25%"
                      }
                    ],
                    "type": "RollingUpdate"
                  }
                ],
                "template": [
                  {
                    "metadata": [
                      {
                        "annotations": null,
                        "generate_name": "",
                        "generation": 0,
                        "labels": {
                          "pod": "video-streaming"
                        },
                        "name": "",
                        "namespace": "",
                        "resource_version": "",
                        "uid": ""
                      }
                    ],
                    "spec": [
                      {
                        "active_deadline_seconds": 0,
                        "affinity": [],
                        "automount_service_account_token": true,
                        "container": [
                          {
                            "args": null,
                            "command": null,
                            "env": [
                              {
                                "name": "PORT",
                                "value": "80",
                                "value_from": []
                              },
                              {
                                "name": "RABBIT",
                                "value": "amqp://guest:guest@rabbit:5672",
                                "value_from": []
                              }
                            ],
                            "env_from": [],
                            "image": "flixtubetouch.azurecr.io/video-streaming:v1",
                            "image_pull_policy": "IfNotPresent",
                            "lifecycle": [],
                            "liveness_probe": [],
                            "name": "video-streaming",
                            "port": [],
                            "readiness_probe": [],
                            "resources": [
                              {
                                "limits": {},
                                "requests": {}
                              }
                            ],
                            "security_context": [],
                            "startup_probe": [],
                            "stdin": false,
                            "stdin_once": false,
                            "termination_message_path": "/dev/termination-log",
                            "termination_message_policy": "File",
                            "tty": false,
                            "volume_mount": [],
                            "working_dir": ""
                          }
                        ],
                        "dns_config": [],
                        "dns_policy": "ClusterFirst",
                        "enable_service_links": true,
                        "host_aliases": [],
                        "host_ipc": false,
                        "host_network": false,
                        "host_pid": false,
                        "hostname": "",
                        "image_pull_secrets": [
                          {
                            "name": "video-streaming-docker-credentials"
                          }
                        ],
                        "init_container": [],
                        "node_name": "",
                        "node_selector": null,
                        "priority_class_name": "",
                        "readiness_gate": [],
                        "restart_policy": "Always",
                        "runtime_class_name": "",
                        "security_context": [],
                        "service_account_name": "",
                        "share_process_namespace": false,
                        "subdomain": "",
                        "termination_grace_period_seconds": 30,
                        "toleration": [],
                        "topology_spread_constraint": [],
                        "volume": []
                      }
                    ]
                  }
                ]
              }
            ],
            "timeouts": null,
            "wait_for_rollout": true
          },
          "sensitive_attributes": [],
          "private": "eyJlMmJmYjczMC1lY2FhLTExZTYtOGY4OC0zNDM2M2JjN2M0YzAiOnsiY3JlYXRlIjo2MDAwMDAwMDAwMDAsImRlbGV0ZSI6NjAwMDAwMDAwMDAwLCJ1cGRhdGUiOjYwMDAwMDAwMDAwMH0sInNjaGVtYV92ZXJzaW9uIjoiMSJ9",
          "dependencies": [
            "azurerm_container_registry.container_registry",
            "azurerm_kubernetes_cluster.cluster",
            "module.video-streaming-microservice.kubernetes_secret.docker_credentials",
            "module.video-streaming-microservice.null_resource.docker_build",
            "module.video-streaming-microservice.null_resource.docker_login",
            "module.video-streaming-microservice.null_resource.docker_push"
          ]
        }
      ]
    },
    {
      "module": "module.video-streaming-microservice",
      "mode": "managed",
      "type": "kubernetes_secret",
      "name": "docker_credentials",
      "provider": "provider[\"registry.terraform.io/hashicorp/kubernetes\"]",
      "instances": [
        {
          "schema_version": 0,
          "attributes": {
            "binary_data": null,
            "data": {
              ".dockerconfigjson": "{\"auths\":{\"flixtubetouch.azurecr.io\":{\"auth\":\"ZmxpeHR1YmV0b3VjaDpBOUhabmhuOXZTMG8vMzhqb3Q0ODMrOStKMVh6bG9sTWlRSW1UdWlPYVQrQUNSRHg2RXNU\"}}}"
            },
            "id": "default/video-streaming-docker-credentials",
            "immutable": false,
            "metadata": [
              {
                "annotations": {},
                "generate_name": "",
                "generation": 0,
                "labels": {},
                "name": "video-streaming-docker-credentials",
                "namespace": "default",
                "resource_version": "1263",
                "uid": "e4690e47-9050-4cea-9532-dd163042ec6a"
              }
            ],
            "timeouts": null,
            "type": "kubernetes.io/dockerconfigjson",
            "wait_for_service_account_token": true
          },
          "sensitive_attributes": [
            [
              {
                "type": "get_attr",
                "value": "data"
              },
              {
                "type": "index",
                "value": {
                  "value": ".dockerconfigjson",
                  "type": "string"
                }
              }
            ]
          ],
          "private": "eyJlMmJmYjczMC1lY2FhLTExZTYtOGY4OC0zNDM2M2JjN2M0YzAiOnsiY3JlYXRlIjo2MDAwMDAwMDAwMH19",
          "dependencies": [
            "azurerm_container_registry.container_registry",
            "azurerm_kubernetes_cluster.cluster",
            "azurerm_resource_group.flixtube",
            "tls_private_key.key"
          ]
        }
      ]
    },
    {
      "module": "module.video-streaming-microservice",
      "mode": "managed",
      "type": "kubernetes_service",
      "name": "service",
      "provider": "provider[\"registry.terraform.io/hashicorp/kubernetes\"]",
      "instances": [
        {
          "schema_version": 1,
          "attributes": {
            "id": "default/video-streaming",
            "metadata": [
              {
                "annotations": null,
                "generate_name": "",
                "generation": 0,
                "labels": null,
                "name": "video-streaming",
                "namespace": "default",
                "resource_version": "3105",
                "uid": "b51dffb9-78ff-48d0-bf99-040bba9ef592"
              }
            ],
            "spec": [
              {
                "allocate_load_balancer_node_ports": true,
                "cluster_ip": "10.0.114.75",
                "cluster_ips": [
                  "10.0.114.75"
                ],
                "external_ips": null,
                "external_name": "",
                "external_traffic_policy": "",
                "health_check_node_port": 0,
                "internal_traffic_policy": "Cluster",
                "ip_families": [
                  "IPv4"
                ],
                "ip_family_policy": "SingleStack",
                "load_balancer_class": "",
                "load_balancer_ip": "",
                "load_balancer_source_ranges": null,
                "port": [
                  {
                    "app_protocol": "",
                    "name": "",
                    "node_port": 0,
                    "port": 80,
                    "protocol": "TCP",
                    "target_port": "80"
                  }
                ],
                "publish_not_ready_addresses": false,
                "selector": {
                  "pod": "video-streaming"
                },
                "session_affinity": "None",
                "session_affinity_config": [],
                "type": "ClusterIP"
              }
            ],
            "status": [
              {
                "load_balancer": [
                  {
                    "ingress": []
                  }
                ]
              }
            ],
            "timeouts": null,
            "wait_for_load_balancer": true
          },
          "sensitive_attributes": [],
          "private": "eyJlMmJmYjczMC1lY2FhLTExZTYtOGY4OC0zNDM2M2JjN2M0YzAiOnsiY3JlYXRlIjo2MDAwMDAwMDAwMDB9LCJzY2hlbWFfdmVyc2lvbiI6IjEifQ==",
          "dependencies": [
            "azurerm_container_registry.container_registry",
            "azurerm_kubernetes_cluster.cluster",
            "module.video-streaming-microservice.kubernetes_deployment.service_deployment",
            "module.video-streaming-microservice.kubernetes_secret.docker_credentials",
            "module.video-streaming-microservice.null_resource.docker_build",
            "module.video-streaming-microservice.null_resource.docker_login",
            "module.video-streaming-microservice.null_resource.docker_push"
          ]
        }
      ]
    },
    {
      "module": "module.video-streaming-microservice",
      "mode": "managed",
      "type": "null_resource",
      "name": "docker_build",
      "provider": "provider[\"registry.terraform.io/hashicorp/null\"]",
      "instances": [
        {
          "schema_version": 0,
          "attributes": {
            "id": "1107309164",
            "triggers": {
              "always_run": "2023-02-14T04:45:53Z"
            }
          },
          "sensitive_attributes": [],
          "dependencies": [
            "azurerm_container_registry.container_registry"
          ]
        }
      ]
    },
    {
      "module": "module.video-streaming-microservice",
      "mode": "managed",
      "type": "null_resource",
      "name": "docker_login",
      "provider": "provider[\"registry.terraform.io/hashicorp/null\"]",
      "instances": [
        {
          "schema_version": 0,
          "attributes": {
            "id": "1572322788",
            "triggers": {
              "always_run": "2023-02-14T04:45:56Z"
            }
          },
          "sensitive_attributes": [],
          "dependencies": [
            "azurerm_container_registry.container_registry",
            "module.video-streaming-microservice.null_resource.docker_build"
          ]
        }
      ]
    },
    {
      "module": "module.video-streaming-microservice",
      "mode": "managed",
      "type": "null_resource",
      "name": "docker_push",
      "provider": "provider[\"registry.terraform.io/hashicorp/null\"]",
      "instances": [
        {
          "schema_version": 0,
          "attributes": {
            "id": "1290420398",
            "triggers": {
              "always_run": "2023-02-14T04:45:59Z"
            }
          },
          "sensitive_attributes": [],
          "dependencies": [
            "azurerm_container_registry.container_registry",
            "module.video-streaming-microservice.null_resource.docker_build",
            "module.video-streaming-microservice.null_resource.docker_login"
          ]
        }
      ]
    },
    {
      "module": "module.video-upload-microservice",
      "mode": "managed",
      "type": "kubernetes_deployment",
      "name": "service_deployment",
      "provider": "provider[\"registry.terraform.io/hashicorp/kubernetes\"]",
      "instances": [
        {
          "schema_version": 1,
          "attributes": {
            "id": "default/video-upload",
            "metadata": [
              {
                "annotations": null,
                "generate_name": "",
                "generation": 1,
                "labels": {
                  "pod": "video-upload"
                },
                "name": "video-upload",
                "namespace": "default",
                "resource_version": "3100",
                "uid": "c19ef22e-3938-47bb-914f-bcc99b1cced6"
              }
            ],
            "spec": [
              {
                "min_ready_seconds": 0,
                "paused": false,
                "progress_deadline_seconds": 600,
                "replicas": "1",
                "revision_history_limit": 10,
                "selector": [
                  {
                    "match_expressions": [],
                    "match_labels": {
                      "pod": "video-upload"
                    }
                  }
                ],
                "strategy": [
                  {
                    "rolling_update": [
                      {
                        "max_surge": "25%",
                        "max_unavailable": "25%"
                      }
                    ],
                    "type": "RollingUpdate"
                  }
                ],
                "template": [
                  {
                    "metadata": [
                      {
                        "annotations": null,
                        "generate_name": "",
                        "generation": 0,
                        "labels": {
                          "pod": "video-upload"
                        },
                        "name": "",
                        "namespace": "",
                        "resource_version": "",
                        "uid": ""
                      }
                    ],
                    "spec": [
                      {
                        "active_deadline_seconds": 0,
                        "affinity": [],
                        "automount_service_account_token": true,
                        "container": [
                          {
                            "args": null,
                            "command": null,
                            "env": [
                              {
                                "name": "PORT",
                                "value": "80",
                                "value_from": []
                              },
                              {
                                "name": "RABBIT",
                                "value": "amqp://guest:guest@rabbit:5672",
                                "value_from": []
                              }
                            ],
                            "env_from": [],
                            "image": "flixtubetouch.azurecr.io/video-upload:v1",
                            "image_pull_policy": "IfNotPresent",
                            "lifecycle": [],
                            "liveness_probe": [],
                            "name": "video-upload",
                            "port": [],
                            "readiness_probe": [],
                            "resources": [
                              {
                                "limits": {},
                                "requests": {}
                              }
                            ],
                            "security_context": [],
                            "startup_probe": [],
                            "stdin": false,
                            "stdin_once": false,
                            "termination_message_path": "/dev/termination-log",
                            "termination_message_policy": "File",
                            "tty": false,
                            "volume_mount": [],
                            "working_dir": ""
                          }
                        ],
                        "dns_config": [],
                        "dns_policy": "ClusterFirst",
                        "enable_service_links": true,
                        "host_aliases": [],
                        "host_ipc": false,
                        "host_network": false,
                        "host_pid": false,
                        "hostname": "",
                        "image_pull_secrets": [
                          {
                            "name": "video-upload-docker-credentials"
                          }
                        ],
                        "init_container": [],
                        "node_name": "",
                        "node_selector": null,
                        "priority_class_name": "",
                        "readiness_gate": [],
                        "restart_policy": "Always",
                        "runtime_class_name": "",
                        "security_context": [],
                        "service_account_name": "",
                        "share_process_namespace": false,
                        "subdomain": "",
                        "termination_grace_period_seconds": 30,
                        "toleration": [],
                        "topology_spread_constraint": [],
                        "volume": []
                      }
                    ]
                  }
                ]
              }
            ],
            "timeouts": null,
            "wait_for_rollout": true
          },
          "sensitive_attributes": [],
          "private": "eyJlMmJmYjczMC1lY2FhLTExZTYtOGY4OC0zNDM2M2JjN2M0YzAiOnsiY3JlYXRlIjo2MDAwMDAwMDAwMDAsImRlbGV0ZSI6NjAwMDAwMDAwMDAwLCJ1cGRhdGUiOjYwMDAwMDAwMDAwMH0sInNjaGVtYV92ZXJzaW9uIjoiMSJ9",
          "dependencies": [
            "azurerm_container_registry.container_registry",
            "azurerm_kubernetes_cluster.cluster",
            "module.video-upload-microservice.kubernetes_secret.docker_credentials",
            "module.video-upload-microservice.null_resource.docker_build",
            "module.video-upload-microservice.null_resource.docker_login",
            "module.video-upload-microservice.null_resource.docker_push"
          ]
        }
      ]
    },
    {
      "module": "module.video-upload-microservice",
      "mode": "managed",
      "type": "kubernetes_secret",
      "name": "docker_credentials",
      "provider": "provider[\"registry.terraform.io/hashicorp/kubernetes\"]",
      "instances": [
        {
          "schema_version": 0,
          "attributes": {
            "binary_data": null,
            "data": {
              ".dockerconfigjson": "{\"auths\":{\"flixtubetouch.azurecr.io\":{\"auth\":\"ZmxpeHR1YmV0b3VjaDpBOUhabmhuOXZTMG8vMzhqb3Q0ODMrOStKMVh6bG9sTWlRSW1UdWlPYVQrQUNSRHg2RXNU\"}}}"
            },
            "id": "default/video-upload-docker-credentials",
            "immutable": false,
            "metadata": [
              {
                "annotations": {},
                "generate_name": "",
                "generation": 0,
                "labels": {},
                "name": "video-upload-docker-credentials",
                "namespace": "default",
                "resource_version": "1265",
                "uid": "62c79503-6542-49cd-985b-0b0b3e3c7595"
              }
            ],
            "timeouts": null,
            "type": "kubernetes.io/dockerconfigjson",
            "wait_for_service_account_token": true
          },
          "sensitive_attributes": [
            [
              {
                "type": "get_attr",
                "value": "data"
              },
              {
                "type": "index",
                "value": {
                  "value": ".dockerconfigjson",
                  "type": "string"
                }
              }
            ]
          ],
          "private": "eyJlMmJmYjczMC1lY2FhLTExZTYtOGY4OC0zNDM2M2JjN2M0YzAiOnsiY3JlYXRlIjo2MDAwMDAwMDAwMH19",
          "dependencies": [
            "azurerm_container_registry.container_registry",
            "azurerm_kubernetes_cluster.cluster",
            "azurerm_resource_group.flixtube",
            "tls_private_key.key"
          ]
        }
      ]
    },
    {
      "module": "module.video-upload-microservice",
      "mode": "managed",
      "type": "kubernetes_service",
      "name": "service",
      "provider": "provider[\"registry.terraform.io/hashicorp/kubernetes\"]",
      "instances": [
        {
          "schema_version": 1,
          "attributes": {
            "id": "default/video-upload",
            "metadata": [
              {
                "annotations": null,
                "generate_name": "",
                "generation": 0,
                "labels": null,
                "name": "video-upload",
                "namespace": "default",
                "resource_version": "3109",
                "uid": "6afe1a6f-daf8-4ddf-b5e2-7e6405b7feca"
              }
            ],
            "spec": [
              {
                "allocate_load_balancer_node_ports": true,
                "cluster_ip": "10.0.145.73",
                "cluster_ips": [
                  "10.0.145.73"
                ],
                "external_ips": null,
                "external_name": "",
                "external_traffic_policy": "",
                "health_check_node_port": 0,
                "internal_traffic_policy": "Cluster",
                "ip_families": [
                  "IPv4"
                ],
                "ip_family_policy": "SingleStack",
                "load_balancer_class": "",
                "load_balancer_ip": "",
                "load_balancer_source_ranges": null,
                "port": [
                  {
                    "app_protocol": "",
                    "name": "",
                    "node_port": 0,
                    "port": 80,
                    "protocol": "TCP",
                    "target_port": "80"
                  }
                ],
                "publish_not_ready_addresses": false,
                "selector": {
                  "pod": "video-upload"
                },
                "session_affinity": "None",
                "session_affinity_config": [],
                "type": "ClusterIP"
              }
            ],
            "status": [
              {
                "load_balancer": [
                  {
                    "ingress": []
                  }
                ]
              }
            ],
            "timeouts": null,
            "wait_for_load_balancer": true
          },
          "sensitive_attributes": [],
          "private": "eyJlMmJmYjczMC1lY2FhLTExZTYtOGY4OC0zNDM2M2JjN2M0YzAiOnsiY3JlYXRlIjo2MDAwMDAwMDAwMDB9LCJzY2hlbWFfdmVyc2lvbiI6IjEifQ==",
          "dependencies": [
            "azurerm_container_registry.container_registry",
            "azurerm_kubernetes_cluster.cluster",
            "module.video-upload-microservice.kubernetes_deployment.service_deployment",
            "module.video-upload-microservice.kubernetes_secret.docker_credentials",
            "module.video-upload-microservice.null_resource.docker_build",
            "module.video-upload-microservice.null_resource.docker_login",
            "module.video-upload-microservice.null_resource.docker_push"
          ]
        }
      ]
    },
    {
      "module": "module.video-upload-microservice",
      "mode": "managed",
      "type": "null_resource",
      "name": "docker_build",
      "provider": "provider[\"registry.terraform.io/hashicorp/null\"]",
      "instances": [
        {
          "schema_version": 0,
          "attributes": {
            "id": "346316539",
            "triggers": {
              "always_run": "2023-02-14T04:45:53Z"
            }
          },
          "sensitive_attributes": [],
          "dependencies": [
            "azurerm_container_registry.container_registry"
          ]
        }
      ]
    },
    {
      "module": "module.video-upload-microservice",
      "mode": "managed",
      "type": "null_resource",
      "name": "docker_login",
      "provider": "provider[\"registry.terraform.io/hashicorp/null\"]",
      "instances": [
        {
          "schema_version": 0,
          "attributes": {
            "id": "546310690",
            "triggers": {
              "always_run": "2023-02-14T04:45:56Z"
            }
          },
          "sensitive_attributes": [],
          "dependencies": [
            "azurerm_container_registry.container_registry",
            "module.video-upload-microservice.null_resource.docker_build"
          ]
        }
      ]
    },
    {
      "module": "module.video-upload-microservice",
      "mode": "managed",
      "type": "null_resource",
      "name": "docker_push",
      "provider": "provider[\"registry.terraform.io/hashicorp/null\"]",
      "instances": [
        {
          "schema_version": 0,
          "attributes": {
            "id": "460735539",
            "triggers": {
              "always_run": "2023-02-14T04:45:59Z"
            }
          },
          "sensitive_attributes": [],
          "dependencies": [
            "azurerm_container_registry.container_registry",
            "module.video-upload-microservice.null_resource.docker_build",
            "module.video-upload-microservice.null_resource.docker_login"
          ]
        }
      ]
    }
  ],
  "check_results": null
}
